// !$*UTF8*$!
{
	archiveVersion = 1;
	classes = {
	};
	objectVersion = 46;
	objects = {

/* Begin PBXBuildFile section */
		50500C431BF0F265007017A7 /* AppDelegate.swift in Sources */ = {isa = PBXBuildFile; fileRef = 50500C421BF0F265007017A7 /* AppDelegate.swift */; };
		50500C451BF0F265007017A7 /* ViewController.swift in Sources */ = {isa = PBXBuildFile; fileRef = 50500C441BF0F265007017A7 /* ViewController.swift */; };
		50500C481BF0F265007017A7 /* Main.storyboard in Resources */ = {isa = PBXBuildFile; fileRef = 50500C461BF0F265007017A7 /* Main.storyboard */; };
		50500C4A1BF0F265007017A7 /* Assets.xcassets in Resources */ = {isa = PBXBuildFile; fileRef = 50500C491BF0F265007017A7 /* Assets.xcassets */; };
		50500C4D1BF0F265007017A7 /* LaunchScreen.storyboard in Resources */ = {isa = PBXBuildFile; fileRef = 50500C4B1BF0F265007017A7 /* LaunchScreen.storyboard */; };
		50500C581BF0F265007017A7 /* UnitConverterTests.swift in Sources */ = {isa = PBXBuildFile; fileRef = 50500C571BF0F265007017A7 /* UnitConverterTests.swift */; };
		50500C631BF0F265007017A7 /* UnitConverterUITests.swift in Sources */ = {isa = PBXBuildFile; fileRef = 50500C621BF0F265007017A7 /* UnitConverterUITests.swift */; };
		507EB7E11BF36E6100E10996 /* UnitConverter.swift in Sources */ = {isa = PBXBuildFile; fileRef = 507EB7E01BF36E6100E10996 /* UnitConverter.swift */; };
		508BBE8B1BF4CAA2005F95DF /* TemperatureRange.swift in Sources */ = {isa = PBXBuildFile; fileRef = 508BBE8A1BF4CAA2005F95DF /* TemperatureRange.swift */; };
/* End PBXBuildFile section */

/* Begin PBXContainerItemProxy section */
		50500C541BF0F265007017A7 /* PBXContainerItemProxy */ = {
			isa = PBXContainerItemProxy;
			containerPortal = 50500C371BF0F265007017A7 /* Project object */;
			proxyType = 1;
			remoteGlobalIDString = 50500C3E1BF0F265007017A7;
			remoteInfo = UnitConverter;
		};
		50500C5F1BF0F265007017A7 /* PBXContainerItemProxy */ = {
			isa = PBXContainerItemProxy;
			containerPortal = 50500C371BF0F265007017A7 /* Project object */;
			proxyType = 1;
			remoteGlobalIDString = 50500C3E1BF0F265007017A7;
			remoteInfo = UnitConverter;
		};
/* End PBXContainerItemProxy section */

/* Begin PBXFileReference section */
		50500C3F1BF0F265007017A7 /* UnitConverter.app */ = {isa = PBXFileReference; explicitFileType = wrapper.application; includeInIndex = 0; path = UnitConverter.app; sourceTree = BUILT_PRODUCTS_DIR; };
		50500C421BF0F265007017A7 /* AppDelegate.swift */ = {isa = PBXFileReference; lastKnownFileType = sourcecode.swift; path = AppDelegate.swift; sourceTree = "<group>"; };
		50500C441BF0F265007017A7 /* ViewController.swift */ = {isa = PBXFileReference; lastKnownFileType = sourcecode.swift; path = ViewController.swift; sourceTree = "<group>"; };
		50500C471BF0F265007017A7 /* Base */ = {isa = PBXFileReference; explicitFileType = sourcecode.swift; name = Base; path = Base.lproj/Main.storyboard; sourceTree = "<group>"; };
		50500C491BF0F265007017A7 /* Assets.xcassets */ = {isa = PBXFileReference; lastKnownFileType = folder.assetcatalog; path = Assets.xcassets; sourceTree = "<group>"; };
		50500C4C1BF0F265007017A7 /* Base */ = {isa = PBXFileReference; lastKnownFileType = file.storyboard; name = Base; path = Base.lproj/LaunchScreen.storyboard; sourceTree = "<group>"; };
		50500C4E1BF0F265007017A7 /* Info.plist */ = {isa = PBXFileReference; lastKnownFileType = text.plist.xml; path = Info.plist; sourceTree = "<group>"; };
		50500C531BF0F265007017A7 /* UnitConverterTests.xctest */ = {isa = PBXFileReference; explicitFileType = wrapper.cfbundle; includeInIndex = 0; path = UnitConverterTests.xctest; sourceTree = BUILT_PRODUCTS_DIR; };
		50500C571BF0F265007017A7 /* UnitConverterTests.swift */ = {isa = PBXFileReference; lastKnownFileType = sourcecode.swift; path = UnitConverterTests.swift; sourceTree = "<group>"; };
		50500C591BF0F265007017A7 /* Info.plist */ = {isa = PBXFileReference; lastKnownFileType = text.plist.xml; path = Info.plist; sourceTree = "<group>"; };
		50500C5E1BF0F265007017A7 /* UnitConverterUITests.xctest */ = {isa = PBXFileReference; explicitFileType = wrapper.cfbundle; includeInIndex = 0; path = UnitConverterUITests.xctest; sourceTree = BUILT_PRODUCTS_DIR; };
		50500C621BF0F265007017A7 /* UnitConverterUITests.swift */ = {isa = PBXFileReference; lastKnownFileType = sourcecode.swift; path = UnitConverterUITests.swift; sourceTree = "<group>"; };
		50500C641BF0F265007017A7 /* Info.plist */ = {isa = PBXFileReference; lastKnownFileType = text.plist.xml; path = Info.plist; sourceTree = "<group>"; };
		507EB7E01BF36E6100E10996 /* UnitConverter.swift */ = {isa = PBXFileReference; fileEncoding = 4; lastKnownFileType = sourcecode.swift; path = UnitConverter.swift; sourceTree = "<group>"; };
		508BBE8A1BF4CAA2005F95DF /* TemperatureRange.swift */ = {isa = PBXFileReference; fileEncoding = 4; lastKnownFileType = sourcecode.swift; path = TemperatureRange.swift; sourceTree = "<group>"; };
/* End PBXFileReference section */

/* Begin PBXFrameworksBuildPhase section */
		50500C3C1BF0F265007017A7 /* Frameworks */ = {
			isa = PBXFrameworksBuildPhase;
			buildActionMask = 2147483647;
			files = (
			);
			runOnlyForDeploymentPostprocessing = 0;
		};
		50500C501BF0F265007017A7 /* Frameworks */ = {
			isa = PBXFrameworksBuildPhase;
			buildActionMask = 2147483647;
			files = (
			);
			runOnlyForDeploymentPostprocessing = 0;
		};
		50500C5B1BF0F265007017A7 /* Frameworks */ = {
			isa = PBXFrameworksBuildPhase;
			buildActionMask = 2147483647;
			files = (
			);
			runOnlyForDeploymentPostprocessing = 0;
		};
/* End PBXFrameworksBuildPhase section */

/* Begin PBXGroup section */
		50500C361BF0F265007017A7 = {
			isa = PBXGroup;
			children = (
				50500C411BF0F265007017A7 /* UnitConverter */,
				50500C561BF0F265007017A7 /* UnitConverterTests */,
				50500C611BF0F265007017A7 /* UnitConverterUITests */,
				50500C401BF0F265007017A7 /* Products */,
			);
			sourceTree = "<group>";
		};
		50500C401BF0F265007017A7 /* Products */ = {
			isa = PBXGroup;
			children = (
				50500C3F1BF0F265007017A7 /* UnitConverter.app */,
				50500C531BF0F265007017A7 /* UnitConverterTests.xctest */,
				50500C5E1BF0F265007017A7 /* UnitConverterUITests.xctest */,
			);
			name = Products;
			sourceTree = "<group>";
		};
		50500C411BF0F265007017A7 /* UnitConverter */ = {
			isa = PBXGroup;
			children = (
				50500C421BF0F265007017A7 /* AppDelegate.swift */,
				50500C441BF0F265007017A7 /* ViewController.swift */,
				50500C461BF0F265007017A7 /* Main.storyboard */,
				507EB7E01BF36E6100E10996 /* UnitConverter.swift */,
				50500C491BF0F265007017A7 /* Assets.xcassets */,
				50500C4B1BF0F265007017A7 /* LaunchScreen.storyboard */,
				50500C4E1BF0F265007017A7 /* Info.plist */,
				508BBE8A1BF4CAA2005F95DF /* TemperatureRange.swift */,
			);
			path = UnitConverter;
			sourceTree = "<group>";
		};
		50500C561BF0F265007017A7 /* UnitConverterTests */ = {
			isa = PBXGroup;
			children = (
				50500C571BF0F265007017A7 /* UnitConverterTests.swift */,
				50500C591BF0F265007017A7 /* Info.plist */,
			);
			path = UnitConverterTests;
			sourceTree = "<group>";
		};
		50500C611BF0F265007017A7 /* UnitConverterUITests */ = {
			isa = PBXGroup;
			children = (
				50500C621BF0F265007017A7 /* UnitConverterUITests.swift */,
				50500C641BF0F265007017A7 /* Info.plist */,
			);
			path = UnitConverterUITests;
			sourceTree = "<group>";
		};
/* End PBXGroup section */

/* Begin PBXNativeTarget section */
		50500C3E1BF0F265007017A7 /* UnitConverter */ = {
			isa = PBXNativeTarget;
			buildConfigurationList = 50500C671BF0F265007017A7 /* Build configuration list for PBXNativeTarget "UnitConverter" */;
			buildPhases = (
				50500C3B1BF0F265007017A7 /* Sources */,
				50500C3C1BF0F265007017A7 /* Frameworks */,
				50500C3D1BF0F265007017A7 /* Resources */,
			);
			buildRules = (
			);
			dependencies = (
			);
			name = UnitConverter;
			productName = UnitConverter;
			productReference = 50500C3F1BF0F265007017A7 /* UnitConverter.app */;
			productType = "com.apple.product-type.application";
		};
		50500C521BF0F265007017A7 /* UnitConverterTests */ = {
			isa = PBXNativeTarget;
			buildConfigurationList = 50500C6A1BF0F265007017A7 /* Build configuration list for PBXNativeTarget "UnitConverterTests" */;
			buildPhases = (
				50500C4F1BF0F265007017A7 /* Sources */,
				50500C501BF0F265007017A7 /* Frameworks */,
				50500C511BF0F265007017A7 /* Resources */,
			);
			buildRules = (
			);
			dependencies = (
				50500C551BF0F265007017A7 /* PBXTargetDependency */,
			);
			name = UnitConverterTests;
			productName = UnitConverterTests;
			productReference = 50500C531BF0F265007017A7 /* UnitConverterTests.xctest */;
			productType = "com.apple.product-type.bundle.unit-test";
		};
		50500C5D1BF0F265007017A7 /* UnitConverterUITests */ = {
			isa = PBXNativeTarget;
			buildConfigurationList = 50500C6D1BF0F265007017A7 /* Build configuration list for PBXNativeTarget "UnitConverterUITests" */;
			buildPhases = (
				50500C5A1BF0F265007017A7 /* Sources */,
				50500C5B1BF0F265007017A7 /* Frameworks */,
				50500C5C1BF0F265007017A7 /* Resources */,
			);
			buildRules = (
			);
			dependencies = (
				50500C601BF0F265007017A7 /* PBXTargetDependency */,
			);
			name = UnitConverterUITests;
			productName = UnitConverterUITests;
			productReference = 50500C5E1BF0F265007017A7 /* UnitConverterUITests.xctest */;
			productType = "com.apple.product-type.bundle.ui-testing";
		};
/* End PBXNativeTarget section */

/* Begin PBXProject section */
		50500C371BF0F265007017A7 /* Project object */ = {
			isa = PBXProject;
			attributes = {
				LastSwiftUpdateCheck = 0710;
				LastUpgradeCheck = 0710;
				ORGANIZATIONNAME = "Abdulrhman dev";
				TargetAttributes = {
					50500C3E1BF0F265007017A7 = {
						CreatedOnToolsVersion = 7.1;
						DevelopmentTeam = 85R85ZNGEX;
					};
					50500C521BF0F265007017A7 = {
						CreatedOnToolsVersion = 7.1;
						DevelopmentTeam = 85R85ZNGEX;
						TestTargetID = 50500C3E1BF0F265007017A7;
					};
					50500C5D1BF0F265007017A7 = {
						CreatedOnToolsVersion = 7.1;
						DevelopmentTeam = 85R85ZNGEX;
						TestTargetID = 50500C3E1BF0F265007017A7;
					};
				};
			};
			buildConfigurationList = 50500C3A1BF0F265007017A7 /* Build configuration list for PBXProject "UnitConverter" */;
			compatibilityVersion = "Xcode 3.2";
			developmentRegion = English;
			hasScannedForEncodings = 0;
			knownRegions = (
				en,
				Base,
			);
			mainGroup = 50500C361BF0F265007017A7;
			productRefGroup = 50500C401BF0F265007017A7 /* Products */;
			projectDirPath = "";
			projectRoot = "";
			targets = (
				50500C3E1BF0F265007017A7 /* UnitConverter */,
				50500C521BF0F265007017A7 /* UnitConverterTests */,
				50500C5D1BF0F265007017A7 /* UnitConverterUITests */,
			);
		};
/* End PBXProject section */

/* Begin PBXResourcesBuildPhase section */
		50500C3D1BF0F265007017A7 /* Resources */ = {
			isa = PBXResourcesBuildPhase;
			buildActionMask = 2147483647;
			files = (
				50500C4D1BF0F265007017A7 /* LaunchScreen.storyboard in Resources */,
				50500C4A1BF0F265007017A7 /* Assets.xcassets in Resources */,
				50500C481BF0F265007017A7 /* Main.storyboard in Resources */,
			);
			runOnlyForDeploymentPostprocessing = 0;
		};
		50500C511BF0F265007017A7 /* Resources */ = {
			isa = PBXResourcesBuildPhase;
			buildActionMask = 2147483647;
			files = (
			);
			runOnlyForDeploymentPostprocessing = 0;
		};
		50500C5C1BF0F265007017A7 /* Resources */ = {
			isa = PBXResourcesBuildPhase;
			buildActionMask = 2147483647;
			files = (
			);
			runOnlyForDeploymentPostprocessing = 0;
		};
/* End PBXResourcesBuildPhase section */

/* Begin PBXSourcesBuildPhase section */
		50500C3B1BF0F265007017A7 /* Sources */ = {
			isa = PBXSourcesBuildPhase;
			buildActionMask = 2147483647;
			files = (
				508BBE8B1BF4CAA2005F95DF /* TemperatureRange.swift in Sources */,
				507EB7E11BF36E6100E10996 /* UnitConverter.swift in Sources */,
				50500C451BF0F265007017A7 /* ViewController.swift in Sources */,
				50500C431BF0F265007017A7 /* AppDelegate.swift in Sources */,
			);
			runOnlyForDeploymentPostprocessing = 0;
		};
		50500C4F1BF0F265007017A7 /* Sources */ = {
			isa = PBXSourcesBuildPhase;
			buildActionMask = 2147483647;
			files = (
				50500C581BF0F265007017A7 /* UnitConverterTests.swift in Sources */,
			);
			runOnlyForDeploymentPostprocessing = 0;
		};
		50500C5A1BF0F265007017A7 /* Sources */ = {
			isa = PBXSourcesBuildPhase;
			buildActionMask = 2147483647;
			files = (
				50500C631BF0F265007017A7 /* UnitConverterUITests.swift in Sources */,
			);
			runOnlyForDeploymentPostprocessing = 0;
		};
/* End PBXSourcesBuildPhase section */

/* Begin PBXTargetDependency section */
		50500C551BF0F265007017A7 /* PBXTargetDependency */ = {
			isa = PBXTargetDependency;
			target = 50500C3E1BF0F265007017A7 /* UnitConverter */;
			targetProxy = 50500C541BF0F265007017A7 /* PBXContainerItemProxy */;
		};
		50500C601BF0F265007017A7 /* PBXTargetDependency */ = {
			isa = PBXTargetDependency;
			target = 50500C3E1BF0F265007017A7 /* UnitConverter */;
			targetProxy = 50500C5F1BF0F265007017A7 /* PBXContainerItemProxy */;
		};
/* End PBXTargetDependency section */

/* Begin PBXVariantGroup section */
		50500C461BF0F265007017A7 /* Main.storyboard */ = {
			isa = PBXVariantGroup;
			children = (
				50500C471BF0F265007017A7 /* Base */,
			);
			name = Main.storyboard;
			sourceTree = "<group>";
		};
		50500C4B1BF0F265007017A7 /* LaunchScreen.storyboard */ = {
			isa = PBXVariantGroup;
			children = (
				50500C4C1BF0F265007017A7 /* Base */,
			);
			name = LaunchScreen.storyboard;
			sourceTree = "<group>";
		};
/* End PBXVariantGroup section */

/* Begin XCBuildConfiguration section */
		50500C651BF0F265007017A7 /* Debug */ = {
			isa = XCBuildConfiguration;
			buildSettings = {
				ALWAYS_SEARCH_USER_PATHS = NO;
				CLANG_CXX_LANGUAGE_STANDARD = "gnu++0x";
				CLANG_CXX_LIBRARY = "libc++";
				CLANG_ENABLE_MODULES = YES;
				CLANG_ENABLE_OBJC_ARC = YES;
				CLANG_WARN_BOOL_CONVERSION = YES;
				CLANG_WARN_CONSTANT_CONVERSION = YES;
				CLANG_WARN_DIRECT_OBJC_ISA_USAGE = YES_ERROR;
				CLANG_WARN_EMPTY_BODY = YES;
				CLANG_WARN_ENUM_CONVERSION = YES;
				CLANG_WARN_INT_CONVERSION = YES;
				CLANG_WARN_OBJC_ROOT_CLASS = YES_ERROR;
				CLANG_WARN_UNREACHABLE_CODE = YES;
				CLANG_WARN__DUPLICATE_METHOD_MATCH = YES;
				"CODE_SIGN_IDENTITY[sdk=iphoneos*]" = "iPhone Developer";
				COPY_PHASE_STRIP = NO;
				DEBUG_INFORMATION_FORMAT = dwarf;
				ENABLE_STRICT_OBJC_MSGSEND = YES;
				ENABLE_TESTABILITY = YES;
				GCC_C_LANGUAGE_STANDARD = gnu99;
				GCC_DYNAMIC_NO_PIC = NO;
				GCC_NO_COMMON_BLOCKS = YES;
				GCC_OPTIMIZATION_LEVEL = 0;
				GCC_PREPROCESSOR_DEFINITIONS = (
					"DEBUG=1",
					"$(inherited)",
				);
				GCC_WARN_64_TO_32_BIT_CONVERSION = YES;
				GCC_WARN_ABOUT_RETURN_TYPE = YES_ERROR;
				GCC_WARN_UNDECLARED_SELECTOR = YES;
				GCC_WARN_UNINITIALIZED_AUTOS = YES_AGGRESSIVE;
				GCC_WARN_UNUSED_FUNCTION = YES;
				GCC_WARN_UNUSED_VARIABLE = YES;
				IPHONEOS_DEPLOYMENT_TARGET = 9.1;
				MTL_ENABLE_DEBUG_INFO = YES;
				ONLY_ACTIVE_ARCH = YES;
				SDKROOT = iphoneos;
				SWIFT_OPTIMIZATION_LEVEL = "-Onone";
			};
			name = Debug;
		};
		50500C661BF0F265007017A7 /* Release */ = {
			isa = XCBuildConfiguration;
			buildSettings = {
				ALWAYS_SEARCH_USER_PATHS = NO;
				CLANG_CXX_LANGUAGE_STANDARD = "gnu++0x";
				CLANG_CXX_LIBRARY = "libc++";
				CLANG_ENABLE_MODULES = YES;
				CLANG_ENABLE_OBJC_ARC = YES;
				CLANG_WARN_BOOL_CONVERSION = YES;
				CLANG_WARN_CONSTANT_CONVERSION = YES;
				CLANG_WARN_DIRECT_OBJC_ISA_USAGE = YES_ERROR;
				CLANG_WARN_EMPTY_BODY = YES;
				CLANG_WARN_ENUM_CONVERSION = YES;
				CLANG_WARN_INT_CONVERSION = YES;
				CLANG_WARN_OBJC_ROOT_CLASS = YES_ERROR;
				CLANG_WARN_UNREACHABLE_CODE = YES;
				CLANG_WARN__DUPLICATE_METHOD_MATCH = YES;
				"CODE_SIGN_IDENTITY[sdk=iphoneos*]" = "iPhone Developer";
				COPY_PHASE_STRIP = NO;
				DEBUG_INFORMATION_FORMAT = "dwarf-with-dsym";
				ENABLE_NS_ASSERTIONS = NO;
				ENABLE_STRICT_OBJC_MSGSEND = YES;
				GCC_C_LANGUAGE_STANDARD = gnu99;
				GCC_NO_COMMON_BLOCKS = YES;
				GCC_WARN_64_TO_32_BIT_CONVERSION = YES;
				GCC_WARN_ABOUT_RETURN_TYPE = YES_ERROR;
				GCC_WARN_UNDECLARED_SELECTOR = YES;
				GCC_WARN_UNINITIALIZED_AUTOS = YES_AGGRESSIVE;
				GCC_WARN_UNUSED_FUNCTION = YES;
				GCC_WARN_UNUSED_VARIABLE = YES;
				IPHONEOS_DEPLOYMENT_TARGET = 9.1;
				MTL_ENABLE_DEBUG_INFO = NO;
				SDKROOT = iphoneos;
				VALIDATE_PRODUCT = YES;
			};
			name = Release;
		};
		50500C681BF0F265007017A7 /* Debug */ = {
			isa = XCBuildConfiguration;
			buildSettings = {
				ASSETCATALOG_COMPILER_APPICON_NAME = AppIcon;
				INFOPLIST_FILE = UnitConverter/Info.plist;
				LD_RUNPATH_SEARCH_PATHS = "$(inherited) @executable_path/Frameworks";
				PRODUCT_BUNDLE_IDENTIFIER = Abdo.xCode.dev.UnitConverter;
				PRODUCT_NAME = "$(TARGET_NAME)";
			};
			name = Debug;
		};
		50500C691BF0F265007017A7 /* Release */ = {
			isa = XCBuildConfiguration;
			buildSettings = {
				ASSETCATALOG_COMPILER_APPICON_NAME = AppIcon;
				INFOPLIST_FILE = UnitConverter/Info.plist;
				LD_RUNPATH_SEARCH_PATHS = "$(inherited) @executable_path/Frameworks";
				PRODUCT_BUNDLE_IDENTIFIER = Abdo.xCode.dev.UnitConverter;
				PRODUCT_NAME = "$(TARGET_NAME)";
			};
			name = Release;
		};
		50500C6B1BF0F265007017A7 /* Debug */ = {
			isa = XCBuildConfiguration;
			buildSettings = {
				BUNDLE_LOADER = "$(TEST_HOST)";
				INFOPLIST_FILE = UnitConverterTests/Info.plist;
				LD_RUNPATH_SEARCH_PATHS = "$(inherited) @executable_path/Frameworks @loader_path/Frameworks";
				PRODUCT_BUNDLE_IDENTIFIER = Abdo.xCode.dev.UnitConverterTests;
				PRODUCT_NAME = "$(TARGET_NAME)";
				TEST_HOST = "$(BUILT_PRODUCTS_DIR)/UnitConverter.app/UnitConverter";
			};
			name = Debug;
		};
		50500C6C1BF0F265007017A7 /* Release */ = {
			isa = XCBuildConfiguration;
			buildSettings = {
				BUNDLE_LOADER = "$(TEST_HOST)";
				INFOPLIST_FILE = UnitConverterTests/Info.plist;
				LD_RUNPATH_SEARCH_PATHS = "$(inherited) @executable_path/Frameworks @loader_path/Frameworks";
				PRODUCT_BUNDLE_IDENTIFIER = Abdo.xCode.dev.UnitConverterTests;
				PRODUCT_NAME = "$(TARGET_NAME)";
				TEST_HOST = "$(BUILT_PRODUCTS_DIR)/UnitConverter.app/UnitConverter";
			};
			name = Release;
		};
		50500C6E1BF0F265007017A7 /* Debug */ = {
			isa = XCBuildConfiguration;
			buildSettings = {
				INFOPLIST_FILE = UnitConverterUITests/Info.plist;
				LD_RUNPATH_SEARCH_PATHS = "$(inherited) @executable_path/Frameworks @loader_path/Frameworks";
				PRODUCT_BUNDLE_IDENTIFIER = Abdo.xCode.dev.UnitConverterUITests;
				PRODUCT_NAME = "$(TARGET_NAME)";
				TEST_TARGET_NAME = UnitConverter;
				USES_XCTRUNNER = YES;
			};
			name = Debug;
		};
		50500C6F1BF0F265007017A7 /* Release */ = {
			isa = XCBuildConfiguration;
			buildSettings = {
				INFOPLIST_FILE = UnitConverterUITests/Info.plist;
				LD_RUNPATH_SEARCH_PATHS = "$(inherited) @executable_path/Frameworks @loader_path/Frameworks";
				PRODUCT_BUNDLE_IDENTIFIER = Abdo.xCode.dev.UnitConverterUITests;
				PRODUCT_NAME = "$(TARGET_NAME)";
				TEST_TARGET_NAME = UnitConverter;
				USES_XCTRUNNER = YES;
			};
			name = Release;
		};
/* End XCBuildConfiguration section */

/* Begin XCConfigurationList section */
		50500C3A1BF0F265007017A7 /* Build configuration list for PBXProject "UnitConverter" */ = {
			isa = XCConfigurationList;
			buildConfigurations = (
				50500C651BF0F265007017A7 /* Debug */,
				50500C661BF0F265007017A7 /* Release */,
			);
			defaultConfigurationIsVisible = 0;
			defaultConfigurationName = Release;
		};
		50500C671BF0F265007017A7 /* Build configuration list for PBXNativeTarget "UnitConverter" */ = {
			isa = XCConfigurationList;
			buildConfigurations = (
				50500C681BF0F265007017A7 /* Debug */,
				50500C691BF0F265007017A7 /* Release */,
			);
			defaultConfigurationIsVisible = 0;
			defaultConfigurationName = Release;
		};
		50500C6A1BF0F265007017A7 /* Build configuration list for PBXNativeTarget "UnitConverterTests" */ = {
			isa = XCConfigurationList;
			buildConfigurations = (
				50500C6B1BF0F265007017A7 /* Debug */,
				50500C6C1BF0F265007017A7 /* Release */,
			);
			defaultConfigurationIsVisible = 0;
			defaultConfigurationName = Release;
		};
		50500C6D1BF0F265007017A7 /* Build configuration list for PBXNativeTarget "UnitConverterUITests" */ = {
			isa = XCConfigurationList;
			buildConfigurations = (
				50500C6E1BF0F265007017A7 /* Debug */,
				50500C6F1BF0F265007017A7 /* Release */,
			);
			defaultConfigurationIsVisible = 0;
			defaultConfigurationName = Release;
		};
/* End XCConfigurationList section */
	};
	rootObject = 50500C371BF0F265007017A7 /* Project object */;
}
