// !$*UTF8*$!
{
	archiveVersion = 1;
	classes = {
	};
	objectVersion = 46;
	objects = {

/* Begin PBXBuildFile section */
		50E9D4D41BDF94CD00D7EB28 /* AppDelegate.swift in Sources */ = {isa = PBXBuildFile; fileRef = 50E9D4D31BDF94CD00D7EB28 /* AppDelegate.swift */; };
		50E9D4D61BDF94CD00D7EB28 /* art.scnassets in Resources */ = {isa = PBXBuildFile; fileRef = 50E9D4D51BDF94CD00D7EB28 /* art.scnassets */; };
		50E9D4D81BDF94CD00D7EB28 /* GameViewController.swift in Sources */ = {isa = PBXBuildFile; fileRef = 50E9D4D71BDF94CD00D7EB28 /* GameViewController.swift */; };
		50E9D4DB1BDF94CD00D7EB28 /* Main.storyboard in Resources */ = {isa = PBXBuildFile; fileRef = 50E9D4D91BDF94CD00D7EB28 /* Main.storyboard */; };
		50E9D4DD1BDF94CD00D7EB28 /* Assets.xcassets in Resources */ = {isa = PBXBuildFile; fileRef = 50E9D4DC1BDF94CD00D7EB28 /* Assets.xcassets */; };
		50E9D4E01BDF94CD00D7EB28 /* LaunchScreen.storyboard in Resources */ = {isa = PBXBuildFile; fileRef = 50E9D4DE1BDF94CD00D7EB28 /* LaunchScreen.storyboard */; };
		50E9D4EB1BDF94CD00D7EB28 /* testTests.swift in Sources */ = {isa = PBXBuildFile; fileRef = 50E9D4EA1BDF94CD00D7EB28 /* testTests.swift */; };
		50E9D4F61BDF94CD00D7EB28 /* testUITests.swift in Sources */ = {isa = PBXBuildFile; fileRef = 50E9D4F51BDF94CD00D7EB28 /* testUITests.swift */; };
/* End PBXBuildFile section */

/* Begin PBXContainerItemProxy section */
		50E9D4E71BDF94CD00D7EB28 /* PBXContainerItemProxy */ = {
			isa = PBXContainerItemProxy;
			containerPortal = 50E9D4C81BDF94CD00D7EB28 /* Project object */;
			proxyType = 1;
			remoteGlobalIDString = 50E9D4CF1BDF94CD00D7EB28;
			remoteInfo = test;
		};
		50E9D4F21BDF94CD00D7EB28 /* PBXContainerItemProxy */ = {
			isa = PBXContainerItemProxy;
			containerPortal = 50E9D4C81BDF94CD00D7EB28 /* Project object */;
			proxyType = 1;
			remoteGlobalIDString = 50E9D4CF1BDF94CD00D7EB28;
			remoteInfo = test;
		};
/* End PBXContainerItemProxy section */

/* Begin PBXFileReference section */
		50E9D4D01BDF94CD00D7EB28 /* test.app */ = {isa = PBXFileReference; explicitFileType = wrapper.application; includeInIndex = 0; path = test.app; sourceTree = BUILT_PRODUCTS_DIR; };
		50E9D4D31BDF94CD00D7EB28 /* AppDelegate.swift */ = {isa = PBXFileReference; lastKnownFileType = sourcecode.swift; path = AppDelegate.swift; sourceTree = "<group>"; };
		50E9D4D51BDF94CD00D7EB28 /* art.scnassets */ = {isa = PBXFileReference; lastKnownFileType = wrapper.scnassets; path = art.scnassets; sourceTree = "<group>"; };
		50E9D4D71BDF94CD00D7EB28 /* GameViewController.swift */ = {isa = PBXFileReference; lastKnownFileType = sourcecode.swift; path = GameViewController.swift; sourceTree = "<group>"; };
		50E9D4DA1BDF94CD00D7EB28 /* Base */ = {isa = PBXFileReference; lastKnownFileType = file.storyboard; name = Base; path = Base.lproj/Main.storyboard; sourceTree = "<group>"; };
		50E9D4DC1BDF94CD00D7EB28 /* Assets.xcassets */ = {isa = PBXFileReference; lastKnownFileType = folder.assetcatalog; path = Assets.xcassets; sourceTree = "<group>"; };
		50E9D4DF1BDF94CD00D7EB28 /* Base */ = {isa = PBXFileReference; lastKnownFileType = file.storyboard; name = Base; path = Base.lproj/LaunchScreen.storyboard; sourceTree = "<group>"; };
		50E9D4E11BDF94CD00D7EB28 /* Info.plist */ = {isa = PBXFileReference; lastKnownFileType = text.plist.xml; path = Info.plist; sourceTree = "<group>"; };
		50E9D4E61BDF94CD00D7EB28 /* testTests.xctest */ = {isa = PBXFileReference; explicitFileType = wrapper.cfbundle; includeInIndex = 0; path = testTests.xctest; sourceTree = BUILT_PRODUCTS_DIR; };
		50E9D4EA1BDF94CD00D7EB28 /* testTests.swift */ = {isa = PBXFileReference; lastKnownFileType = sourcecode.swift; path = testTests.swift; sourceTree = "<group>"; };
		50E9D4EC1BDF94CD00D7EB28 /* Info.plist */ = {isa = PBXFileReference; lastKnownFileType = text.plist.xml; path = Info.plist; sourceTree = "<group>"; };
		50E9D4F11BDF94CD00D7EB28 /* testUITests.xctest */ = {isa = PBXFileReference; explicitFileType = wrapper.cfbundle; includeInIndex = 0; path = testUITests.xctest; sourceTree = BUILT_PRODUCTS_DIR; };
		50E9D4F51BDF94CD00D7EB28 /* testUITests.swift */ = {isa = PBXFileReference; lastKnownFileType = sourcecode.swift; path = testUITests.swift; sourceTree = "<group>"; };
		50E9D4F71BDF94CD00D7EB28 /* Info.plist */ = {isa = PBXFileReference; lastKnownFileType = text.plist.xml; path = Info.plist; sourceTree = "<group>"; };
/* End PBXFileReference section */

/* Begin PBXFrameworksBuildPhase section */
		50E9D4CD1BDF94CD00D7EB28 /* Frameworks */ = {
			isa = PBXFrameworksBuildPhase;
			buildActionMask = 2147483647;
			files = (
			);
			runOnlyForDeploymentPostprocessing = 0;
		};
		50E9D4E31BDF94CD00D7EB28 /* Frameworks */ = {
			isa = PBXFrameworksBuildPhase;
			buildActionMask = 2147483647;
			files = (
			);
			runOnlyForDeploymentPostprocessing = 0;
		};
		50E9D4EE1BDF94CD00D7EB28 /* Frameworks */ = {
			isa = PBXFrameworksBuildPhase;
			buildActionMask = 2147483647;
			files = (
			);
			runOnlyForDeploymentPostprocessing = 0;
		};
/* End PBXFrameworksBuildPhase section */

/* Begin PBXGroup section */
		50E9D4C71BDF94CD00D7EB28 = {
			isa = PBXGroup;
			children = (
				50E9D4D21BDF94CD00D7EB28 /* test */,
				50E9D4E91BDF94CD00D7EB28 /* testTests */,
				50E9D4F41BDF94CD00D7EB28 /* testUITests */,
				50E9D4D11BDF94CD00D7EB28 /* Products */,
			);
			sourceTree = "<group>";
		};
		50E9D4D11BDF94CD00D7EB28 /* Products */ = {
			isa = PBXGroup;
			children = (
				50E9D4D01BDF94CD00D7EB28 /* test.app */,
				50E9D4E61BDF94CD00D7EB28 /* testTests.xctest */,
				50E9D4F11BDF94CD00D7EB28 /* testUITests.xctest */,
			);
			name = Products;
			sourceTree = "<group>";
		};
		50E9D4D21BDF94CD00D7EB28 /* test */ = {
			isa = PBXGroup;
			children = (
				50E9D4D31BDF94CD00D7EB28 /* AppDelegate.swift */,
				50E9D4D51BDF94CD00D7EB28 /* art.scnassets */,
				50E9D4D71BDF94CD00D7EB28 /* GameViewController.swift */,
				50E9D4D91BDF94CD00D7EB28 /* Main.storyboard */,
				50E9D4DC1BDF94CD00D7EB28 /* Assets.xcassets */,
				50E9D4DE1BDF94CD00D7EB28 /* LaunchScreen.storyboard */,
				50E9D4E11BDF94CD00D7EB28 /* Info.plist */,
			);
			path = test;
			sourceTree = "<group>";
		};
		50E9D4E91BDF94CD00D7EB28 /* testTests */ = {
			isa = PBXGroup;
			children = (
				50E9D4EA1BDF94CD00D7EB28 /* testTests.swift */,
				50E9D4EC1BDF94CD00D7EB28 /* Info.plist */,
			);
			path = testTests;
			sourceTree = "<group>";
		};
		50E9D4F41BDF94CD00D7EB28 /* testUITests */ = {
			isa = PBXGroup;
			children = (
				50E9D4F51BDF94CD00D7EB28 /* testUITests.swift */,
				50E9D4F71BDF94CD00D7EB28 /* Info.plist */,
			);
			path = testUITests;
			sourceTree = "<group>";
		};
/* End PBXGroup section */

/* Begin PBXNativeTarget section */
		50E9D4CF1BDF94CD00D7EB28 /* test */ = {
			isa = PBXNativeTarget;
			buildConfigurationList = 50E9D4FA1BDF94CD00D7EB28 /* Build configuration list for PBXNativeTarget "test" */;
			buildPhases = (
				50E9D4CC1BDF94CD00D7EB28 /* Sources */,
				50E9D4CD1BDF94CD00D7EB28 /* Frameworks */,
				50E9D4CE1BDF94CD00D7EB28 /* Resources */,
			);
			buildRules = (
			);
			dependencies = (
			);
			name = test;
			productName = test;
			productReference = 50E9D4D01BDF94CD00D7EB28 /* test.app */;
			productType = "com.apple.product-type.application";
		};
		50E9D4E51BDF94CD00D7EB28 /* testTests */ = {
			isa = PBXNativeTarget;
			buildConfigurationList = 50E9D4FD1BDF94CD00D7EB28 /* Build configuration list for PBXNativeTarget "testTests" */;
			buildPhases = (
				50E9D4E21BDF94CD00D7EB28 /* Sources */,
				50E9D4E31BDF94CD00D7EB28 /* Frameworks */,
				50E9D4E41BDF94CD00D7EB28 /* Resources */,
			);
			buildRules = (
			);
			dependencies = (
				50E9D4E81BDF94CD00D7EB28 /* PBXTargetDependency */,
			);
			name = testTests;
			productName = testTests;
			productReference = 50E9D4E61BDF94CD00D7EB28 /* testTests.xctest */;
			productType = "com.apple.product-type.bundle.unit-test";
		};
		50E9D4F01BDF94CD00D7EB28 /* testUITests */ = {
			isa = PBXNativeTarget;
			buildConfigurationList = 50E9D5001BDF94CD00D7EB28 /* Build configuration list for PBXNativeTarget "testUITests" */;
			buildPhases = (
				50E9D4ED1BDF94CD00D7EB28 /* Sources */,
				50E9D4EE1BDF94CD00D7EB28 /* Frameworks */,
				50E9D4EF1BDF94CD00D7EB28 /* Resources */,
			);
			buildRules = (
			);
			dependencies = (
				50E9D4F31BDF94CD00D7EB28 /* PBXTargetDependency */,
			);
			name = testUITests;
			productName = testUITests;
			productReference = 50E9D4F11BDF94CD00D7EB28 /* testUITests.xctest */;
			productType = "com.apple.product-type.bundle.ui-testing";
		};
/* End PBXNativeTarget section */

/* Begin PBXProject section */
		50E9D4C81BDF94CD00D7EB28 /* Project object */ = {
			isa = PBXProject;
			attributes = {
				LastSwiftUpdateCheck = 0710;
				LastUpgradeCheck = 0710;
				ORGANIZATIONNAME = "Abdulrhman dev";
				TargetAttributes = {
					50E9D4CF1BDF94CD00D7EB28 = {
						CreatedOnToolsVersion = 7.1;
						DevelopmentTeam = 85R85ZNGEX;
					};
					50E9D4E51BDF94CD00D7EB28 = {
						CreatedOnToolsVersion = 7.1;
						DevelopmentTeam = 85R85ZNGEX;
						TestTargetID = 50E9D4CF1BDF94CD00D7EB28;
					};
					50E9D4F01BDF94CD00D7EB28 = {
						CreatedOnToolsVersion = 7.1;
						DevelopmentTeam = 85R85ZNGEX;
						TestTargetID = 50E9D4CF1BDF94CD00D7EB28;
					};
				};
			};
			buildConfigurationList = 50E9D4CB1BDF94CD00D7EB28 /* Build configuration list for PBXProject "test" */;
			compatibilityVersion = "Xcode 3.2";
			developmentRegion = English;
			hasScannedForEncodings = 0;
			knownRegions = (
				en,
				Base,
			);
			mainGroup = 50E9D4C71BDF94CD00D7EB28;
			productRefGroup = 50E9D4D11BDF94CD00D7EB28 /* Products */;
			projectDirPath = "";
			projectRoot = "";
			targets = (
				50E9D4CF1BDF94CD00D7EB28 /* test */,
				50E9D4E51BDF94CD00D7EB28 /* testTests */,
				50E9D4F01BDF94CD00D7EB28 /* testUITests */,
			);
		};
/* End PBXProject section */

/* Begin PBXResourcesBuildPhase section */
		50E9D4CE1BDF94CD00D7EB28 /* Resources */ = {
			isa = PBXResourcesBuildPhase;
			buildActionMask = 2147483647;
			files = (
				50E9D4D61BDF94CD00D7EB28 /* art.scnassets in Resources */,
				50E9D4E01BDF94CD00D7EB28 /* LaunchScreen.storyboard in Resources */,
				50E9D4DD1BDF94CD00D7EB28 /* Assets.xcassets in Resources */,
				50E9D4DB1BDF94CD00D7EB28 /* Main.storyboard in Resources */,
			);
			runOnlyForDeploymentPostprocessing = 0;
		};
		50E9D4E41BDF94CD00D7EB28 /* Resources */ = {
			isa = PBXResourcesBuildPhase;
			buildActionMask = 2147483647;
			files = (
			);
			runOnlyForDeploymentPostprocessing = 0;
		};
		50E9D4EF1BDF94CD00D7EB28 /* Resources */ = {
			isa = PBXResourcesBuildPhase;
			buildActionMask = 2147483647;
			files = (
			);
			runOnlyForDeploymentPostprocessing = 0;
		};
/* End PBXResourcesBuildPhase section */

/* Begin PBXSourcesBuildPhase section */
		50E9D4CC1BDF94CD00D7EB28 /* Sources */ = {
			isa = PBXSourcesBuildPhase;
			buildActionMask = 2147483647;
			files = (
				50E9D4D81BDF94CD00D7EB28 /* GameViewController.swift in Sources */,
				50E9D4D41BDF94CD00D7EB28 /* AppDelegate.swift in Sources */,
			);
			runOnlyForDeploymentPostprocessing = 0;
		};
		50E9D4E21BDF94CD00D7EB28 /* Sources */ = {
			isa = PBXSourcesBuildPhase;
			buildActionMask = 2147483647;
			files = (
				50E9D4EB1BDF94CD00D7EB28 /* testTests.swift in Sources */,
			);
			runOnlyForDeploymentPostprocessing = 0;
		};
		50E9D4ED1BDF94CD00D7EB28 /* Sources */ = {
			isa = PBXSourcesBuildPhase;
			buildActionMask = 2147483647;
			files = (
				50E9D4F61BDF94CD00D7EB28 /* testUITests.swift in Sources */,
			);
			runOnlyForDeploymentPostprocessing = 0;
		};
/* End PBXSourcesBuildPhase section */

/* Begin PBXTargetDependency section */
		50E9D4E81BDF94CD00D7EB28 /* PBXTargetDependency */ = {
			isa = PBXTargetDependency;
			target = 50E9D4CF1BDF94CD00D7EB28 /* test */;
			targetProxy = 50E9D4E71BDF94CD00D7EB28 /* PBXContainerItemProxy */;
		};
		50E9D4F31BDF94CD00D7EB28 /* PBXTargetDependency */ = {
			isa = PBXTargetDependency;
			target = 50E9D4CF1BDF94CD00D7EB28 /* test */;
			targetProxy = 50E9D4F21BDF94CD00D7EB28 /* PBXContainerItemProxy */;
		};
/* End PBXTargetDependency section */

/* Begin PBXVariantGroup section */
		50E9D4D91BDF94CD00D7EB28 /* Main.storyboard */ = {
			isa = PBXVariantGroup;
			children = (
				50E9D4DA1BDF94CD00D7EB28 /* Base */,
			);
			name = Main.storyboard;
			sourceTree = "<group>";
		};
		50E9D4DE1BDF94CD00D7EB28 /* LaunchScreen.storyboard */ = {
			isa = PBXVariantGroup;
			children = (
				50E9D4DF1BDF94CD00D7EB28 /* Base */,
			);
			name = LaunchScreen.storyboard;
			sourceTree = "<group>";
		};
/* End PBXVariantGroup section */

/* Begin XCBuildConfiguration section */
		50E9D4F81BDF94CD00D7EB28 /* Debug */ = {
			isa = XCBuildConfiguration;
			buildSettings = {
				ALWAYS_SEARCH_USER_PATHS = NO;
				CLANG_CXX_LANGUAGE_STANDARD = "gnu++0x";
				CLANG_CXX_LIBRARY = "libc++";
				CLANG_ENABLE_MODULES = YES;
				CLANG_ENABLE_OBJC_ARC = YES;
				CLANG_WARN_BOOL_CONVERSION = YES;
				CLANG_WARN_CONSTANT_CONVERSION = YES;
				CLANG_WARN_DIRECT_OBJC_ISA_USAGE = YES_ERROR;
				CLANG_WARN_EMPTY_BODY = YES;
				CLANG_WARN_ENUM_CONVERSION = YES;
				CLANG_WARN_INT_CONVERSION = YES;
				CLANG_WARN_OBJC_ROOT_CLASS = YES_ERROR;
				CLANG_WARN_UNREACHABLE_CODE = YES;
				CLANG_WARN__DUPLICATE_METHOD_MATCH = YES;
				"CODE_SIGN_IDENTITY[sdk=iphoneos*]" = "iPhone Developer";
				COPY_PHASE_STRIP = NO;
				DEBUG_INFORMATION_FORMAT = "dwarf-with-dsym";
				ENABLE_STRICT_OBJC_MSGSEND = YES;
				ENABLE_TESTABILITY = YES;
				GCC_C_LANGUAGE_STANDARD = gnu99;
				GCC_DYNAMIC_NO_PIC = NO;
				GCC_NO_COMMON_BLOCKS = YES;
				GCC_OPTIMIZATION_LEVEL = 0;
				GCC_PREPROCESSOR_DEFINITIONS = (
					"DEBUG=1",
					"$(inherited)",
				);
				GCC_WARN_64_TO_32_BIT_CONVERSION = YES;
				GCC_WARN_ABOUT_RETURN_TYPE = YES_ERROR;
				GCC_WARN_UNDECLARED_SELECTOR = YES;
				GCC_WARN_UNINITIALIZED_AUTOS = YES_AGGRESSIVE;
				GCC_WARN_UNUSED_FUNCTION = YES;
				GCC_WARN_UNUSED_VARIABLE = YES;
				IPHONEOS_DEPLOYMENT_TARGET = 9.1;
				MTL_ENABLE_DEBUG_INFO = YES;
				ONLY_ACTIVE_ARCH = YES;
				SDKROOT = iphoneos;
				SWIFT_OPTIMIZATION_LEVEL = "-Onone";
			};
			name = Debug;
		};
		50E9D4F91BDF94CD00D7EB28 /* Release */ = {
			isa = XCBuildConfiguration;
			buildSettings = {
				ALWAYS_SEARCH_USER_PATHS = NO;
				CLANG_CXX_LANGUAGE_STANDARD = "gnu++0x";
				CLANG_CXX_LIBRARY = "libc++";
				CLANG_ENABLE_MODULES = YES;
				CLANG_ENABLE_OBJC_ARC = YES;
				CLANG_WARN_BOOL_CONVERSION = YES;
				CLANG_WARN_CONSTANT_CONVERSION = YES;
				CLANG_WARN_DIRECT_OBJC_ISA_USAGE = YES_ERROR;
				CLANG_WARN_EMPTY_BODY = YES;
				CLANG_WARN_ENUM_CONVERSION = YES;
				CLANG_WARN_INT_CONVERSION = YES;
				CLANG_WARN_OBJC_ROOT_CLASS = YES_ERROR;
				CLANG_WARN_UNREACHABLE_CODE = YES;
				CLANG_WARN__DUPLICATE_METHOD_MATCH = YES;
				"CODE_SIGN_IDENTITY[sdk=iphoneos*]" = "iPhone Developer";
				COPY_PHASE_STRIP = NO;
				DEBUG_INFORMATION_FORMAT = "dwarf-with-dsym";
				ENABLE_NS_ASSERTIONS = NO;
				ENABLE_STRICT_OBJC_MSGSEND = YES;
				GCC_C_LANGUAGE_STANDARD = gnu99;
				GCC_NO_COMMON_BLOCKS = YES;
				GCC_WARN_64_TO_32_BIT_CONVERSION = YES;
				GCC_WARN_ABOUT_RETURN_TYPE = YES_ERROR;
				GCC_WARN_UNDECLARED_SELECTOR = YES;
				GCC_WARN_UNINITIALIZED_AUTOS = YES_AGGRESSIVE;
				GCC_WARN_UNUSED_FUNCTION = YES;
				GCC_WARN_UNUSED_VARIABLE = YES;
				IPHONEOS_DEPLOYMENT_TARGET = 9.1;
				MTL_ENABLE_DEBUG_INFO = NO;
				SDKROOT = iphoneos;
				VALIDATE_PRODUCT = YES;
			};
			name = Release;
		};
		50E9D4FB1BDF94CD00D7EB28 /* Debug */ = {
			isa = XCBuildConfiguration;
			buildSettings = {
				ASSETCATALOG_COMPILER_APPICON_NAME = AppIcon;
				INFOPLIST_FILE = test/Info.plist;
				LD_RUNPATH_SEARCH_PATHS = "$(inherited) @executable_path/Frameworks";
				PRODUCT_BUNDLE_IDENTIFIER = Abdo.xCode.dev.test;
				PRODUCT_NAME = "$(TARGET_NAME)";
			};
			name = Debug;
		};
		50E9D4FC1BDF94CD00D7EB28 /* Release */ = {
			isa = XCBuildConfiguration;
			buildSettings = {
				ASSETCATALOG_COMPILER_APPICON_NAME = AppIcon;
				INFOPLIST_FILE = test/Info.plist;
				LD_RUNPATH_SEARCH_PATHS = "$(inherited) @executable_path/Frameworks";
				PRODUCT_BUNDLE_IDENTIFIER = Abdo.xCode.dev.test;
				PRODUCT_NAME = "$(TARGET_NAME)";
			};
			name = Release;
		};
		50E9D4FE1BDF94CD00D7EB28 /* Debug */ = {
			isa = XCBuildConfiguration;
			buildSettings = {
				BUNDLE_LOADER = "$(TEST_HOST)";
				DEBUG_INFORMATION_FORMAT = dwarf;
				INFOPLIST_FILE = testTests/Info.plist;
				LD_RUNPATH_SEARCH_PATHS = "$(inherited) @executable_path/Frameworks @loader_path/Frameworks";
				PRODUCT_BUNDLE_IDENTIFIER = Abdo.xCode.dev.testTests;
				PRODUCT_NAME = "$(TARGET_NAME)";
				TEST_HOST = "$(BUILT_PRODUCTS_DIR)/test.app/test";
			};
			name = Debug;
		};
		50E9D4FF1BDF94CD00D7EB28 /* Release */ = {
			isa = XCBuildConfiguration;
			buildSettings = {
				BUNDLE_LOADER = "$(TEST_HOST)";
				INFOPLIST_FILE = testTests/Info.plist;
				LD_RUNPATH_SEARCH_PATHS = "$(inherited) @executable_path/Frameworks @loader_path/Frameworks";
				PRODUCT_BUNDLE_IDENTIFIER = Abdo.xCode.dev.testTests;
				PRODUCT_NAME = "$(TARGET_NAME)";
				TEST_HOST = "$(BUILT_PRODUCTS_DIR)/test.app/test";
			};
			name = Release;
		};
		50E9D5011BDF94CD00D7EB28 /* Debug */ = {
			isa = XCBuildConfiguration;
			buildSettings = {
				DEBUG_INFORMATION_FORMAT = dwarf;
				INFOPLIST_FILE = testUITests/Info.plist;
				LD_RUNPATH_SEARCH_PATHS = "$(inherited) @executable_path/Frameworks @loader_path/Frameworks";
				PRODUCT_BUNDLE_IDENTIFIER = Abdo.xCode.dev.testUITests;
				PRODUCT_NAME = "$(TARGET_NAME)";
				TEST_TARGET_NAME = test;
				USES_XCTRUNNER = YES;
			};
			name = Debug;
		};
		50E9D5021BDF94CD00D7EB28 /* Release */ = {
			isa = XCBuildConfiguration;
			buildSettings = {
				INFOPLIST_FILE = testUITests/Info.plist;
				LD_RUNPATH_SEARCH_PATHS = "$(inherited) @executable_path/Frameworks @loader_path/Frameworks";
				PRODUCT_BUNDLE_IDENTIFIER = Abdo.xCode.dev.testUITests;
				PRODUCT_NAME = "$(TARGET_NAME)";
				TEST_TARGET_NAME = test;
				USES_XCTRUNNER = YES;
			};
			name = Release;
		};
/* End XCBuildConfiguration section */

/* Begin XCConfigurationList section */
		50E9D4CB1BDF94CD00D7EB28 /* Build configuration list for PBXProject "test" */ = {
			isa = XCConfigurationList;
			buildConfigurations = (
				50E9D4F81BDF94CD00D7EB28 /* Debug */,
				50E9D4F91BDF94CD00D7EB28 /* Release */,
			);
			defaultConfigurationIsVisible = 0;
			defaultConfigurationName = Release;
		};
		50E9D4FA1BDF94CD00D7EB28 /* Build configuration list for PBXNativeTarget "test" */ = {
			isa = XCConfigurationList;
			buildConfigurations = (
				50E9D4FB1BDF94CD00D7EB28 /* Debug */,
				50E9D4FC1BDF94CD00D7EB28 /* Release */,
			);
			defaultConfigurationIsVisible = 0;
		};
		50E9D4FD1BDF94CD00D7EB28 /* Build configuration list for PBXNativeTarget "testTests" */ = {
			isa = XCConfigurationList;
			buildConfigurations = (
				50E9D4FE1BDF94CD00D7EB28 /* Debug */,
				50E9D4FF1BDF94CD00D7EB28 /* Release */,
			);
			defaultConfigurationIsVisible = 0;
		};
		50E9D5001BDF94CD00D7EB28 /* Build configuration list for PBXNativeTarget "testUITests" */ = {
			isa = XCConfigurationList;
			buildConfigurations = (
				50E9D5011BDF94CD00D7EB28 /* Debug */,
				50E9D5021BDF94CD00D7EB28 /* Release */,
			);
			defaultConfigurationIsVisible = 0;
		};
/* End XCConfigurationList section */
	};
	rootObject = 50E9D4C81BDF94CD00D7EB28 /* Project object */;
}
