// !$*UTF8*$!
{
	archiveVersion = 1;
	classes = {
	};
	objectVersion = 46;
	objects = {

/* Begin PBXBuildFile section */
		504B360F1C3020E8001E9320 /* AppDelegate.swift in Sources */ = {isa = PBXBuildFile; fileRef = 504B360E1C3020E8001E9320 /* AppDelegate.swift */; };
		504B36111C3020E8001E9320 /* ViewController.swift in Sources */ = {isa = PBXBuildFile; fileRef = 504B36101C3020E8001E9320 /* ViewController.swift */; };
		504B36141C3020E8001E9320 /* Main.storyboard in Resources */ = {isa = PBXBuildFile; fileRef = 504B36121C3020E8001E9320 /* Main.storyboard */; };
		504B36161C3020E8001E9320 /* Assets.xcassets in Resources */ = {isa = PBXBuildFile; fileRef = 504B36151C3020E8001E9320 /* Assets.xcassets */; };
		504B36191C3020E8001E9320 /* LaunchScreen.storyboard in Resources */ = {isa = PBXBuildFile; fileRef = 504B36171C3020E8001E9320 /* LaunchScreen.storyboard */; };
		504B36211C303AD8001E9320 /* MapKit.framework in Frameworks */ = {isa = PBXBuildFile; fileRef = 504B36201C303AD8001E9320 /* MapKit.framework */; };
/* End PBXBuildFile section */

/* Begin PBXFileReference section */
		504B360B1C3020E8001E9320 /* Found.app */ = {isa = PBXFileReference; explicitFileType = wrapper.application; includeInIndex = 0; path = Found.app; sourceTree = BUILT_PRODUCTS_DIR; };
		504B360E1C3020E8001E9320 /* AppDelegate.swift */ = {isa = PBXFileReference; lastKnownFileType = sourcecode.swift; path = AppDelegate.swift; sourceTree = "<group>"; };
		504B36101C3020E8001E9320 /* ViewController.swift */ = {isa = PBXFileReference; lastKnownFileType = sourcecode.swift; path = ViewController.swift; sourceTree = "<group>"; };
		504B36131C3020E8001E9320 /* Base */ = {isa = PBXFileReference; lastKnownFileType = file.storyboard; name = Base; path = Base.lproj/Main.storyboard; sourceTree = "<group>"; };
		504B36151C3020E8001E9320 /* Assets.xcassets */ = {isa = PBXFileReference; lastKnownFileType = folder.assetcatalog; path = Assets.xcassets; sourceTree = "<group>"; };
		504B36181C3020E8001E9320 /* Base */ = {isa = PBXFileReference; lastKnownFileType = file.storyboard; name = Base; path = Base.lproj/LaunchScreen.storyboard; sourceTree = "<group>"; };
		504B361A1C3020E8001E9320 /* Info.plist */ = {isa = PBXFileReference; lastKnownFileType = text.plist.xml; path = Info.plist; sourceTree = "<group>"; };
		504B36201C303AD8001E9320 /* MapKit.framework */ = {isa = PBXFileReference; lastKnownFileType = wrapper.framework; name = MapKit.framework; path = System/Library/Frameworks/MapKit.framework; sourceTree = SDKROOT; };
/* End PBXFileReference section */

/* Begin PBXFrameworksBuildPhase section */
		504B36081C3020E8001E9320 /* Frameworks */ = {
			isa = PBXFrameworksBuildPhase;
			buildActionMask = 2147483647;
			files = (
				504B36211C303AD8001E9320 /* MapKit.framework in Frameworks */,
			);
			runOnlyForDeploymentPostprocessing = 0;
		};
/* End PBXFrameworksBuildPhase section */

/* Begin PBXGroup section */
		504B36021C3020E8001E9320 = {
			isa = PBXGroup;
			children = (
				504B36201C303AD8001E9320 /* MapKit.framework */,
				504B360D1C3020E8001E9320 /* Found */,
				504B360C1C3020E8001E9320 /* Products */,
			);
			sourceTree = "<group>";
		};
		504B360C1C3020E8001E9320 /* Products */ = {
			isa = PBXGroup;
			children = (
				504B360B1C3020E8001E9320 /* Found.app */,
			);
			name = Products;
			sourceTree = "<group>";
		};
		504B360D1C3020E8001E9320 /* Found */ = {
			isa = PBXGroup;
			children = (
				504B360E1C3020E8001E9320 /* AppDelegate.swift */,
				504B36101C3020E8001E9320 /* ViewController.swift */,
				504B36121C3020E8001E9320 /* Main.storyboard */,
				504B36151C3020E8001E9320 /* Assets.xcassets */,
				504B36171C3020E8001E9320 /* LaunchScreen.storyboard */,
				504B361A1C3020E8001E9320 /* Info.plist */,
			);
			path = Found;
			sourceTree = "<group>";
		};
/* End PBXGroup section */

/* Begin PBXNativeTarget section */
		504B360A1C3020E8001E9320 /* Found */ = {
			isa = PBXNativeTarget;
			buildConfigurationList = 504B361D1C3020E8001E9320 /* Build configuration list for PBXNativeTarget "Found" */;
			buildPhases = (
				504B36071C3020E8001E9320 /* Sources */,
				504B36081C3020E8001E9320 /* Frameworks */,
				504B36091C3020E8001E9320 /* Resources */,
			);
			buildRules = (
			);
			dependencies = (
			);
			name = Found;
			productName = Found;
			productReference = 504B360B1C3020E8001E9320 /* Found.app */;
			productType = "com.apple.product-type.application";
		};
/* End PBXNativeTarget section */

/* Begin PBXProject section */
		504B36031C3020E8001E9320 /* Project object */ = {
			isa = PBXProject;
			attributes = {
				LastSwiftUpdateCheck = 0720;
				LastUpgradeCheck = 0720;
				ORGANIZATIONNAME = "Abdulrhman dev";
				TargetAttributes = {
					504B360A1C3020E8001E9320 = {
						CreatedOnToolsVersion = 7.2;
						DevelopmentTeam = 85R85ZNGEX;
					};
				};
			};
			buildConfigurationList = 504B36061C3020E8001E9320 /* Build configuration list for PBXProject "Found" */;
			compatibilityVersion = "Xcode 3.2";
			developmentRegion = English;
			hasScannedForEncodings = 0;
			knownRegions = (
				en,
				Base,
			);
			mainGroup = 504B36021C3020E8001E9320;
			productRefGroup = 504B360C1C3020E8001E9320 /* Products */;
			projectDirPath = "";
			projectRoot = "";
			targets = (
				504B360A1C3020E8001E9320 /* Found */,
			);
		};
/* End PBXProject section */

/* Begin PBXResourcesBuildPhase section */
		504B36091C3020E8001E9320 /* Resources */ = {
			isa = PBXResourcesBuildPhase;
			buildActionMask = 2147483647;
			files = (
				504B36191C3020E8001E9320 /* LaunchScreen.storyboard in Resources */,
				504B36161C3020E8001E9320 /* Assets.xcassets in Resources */,
				504B36141C3020E8001E9320 /* Main.storyboard in Resources */,
			);
			runOnlyForDeploymentPostprocessing = 0;
		};
/* End PBXResourcesBuildPhase section */

/* Begin PBXSourcesBuildPhase section */
		504B36071C3020E8001E9320 /* Sources */ = {
			isa = PBXSourcesBuildPhase;
			buildActionMask = 2147483647;
			files = (
				504B36111C3020E8001E9320 /* ViewController.swift in Sources */,
				504B360F1C3020E8001E9320 /* AppDelegate.swift in Sources */,
			);
			runOnlyForDeploymentPostprocessing = 0;
		};
/* End PBXSourcesBuildPhase section */

/* Begin PBXVariantGroup section */
		504B36121C3020E8001E9320 /* Main.storyboard */ = {
			isa = PBXVariantGroup;
			children = (
				504B36131C3020E8001E9320 /* Base */,
			);
			name = Main.storyboard;
			sourceTree = "<group>";
		};
		504B36171C3020E8001E9320 /* LaunchScreen.storyboard */ = {
			isa = PBXVariantGroup;
			children = (
				504B36181C3020E8001E9320 /* Base */,
			);
			name = LaunchScreen.storyboard;
			sourceTree = "<group>";
		};
/* End PBXVariantGroup section */

/* Begin XCBuildConfiguration section */
		504B361B1C3020E8001E9320 /* Debug */ = {
			isa = XCBuildConfiguration;
			buildSettings = {
				ALWAYS_SEARCH_USER_PATHS = NO;
				CLANG_CXX_LANGUAGE_STANDARD = "gnu++0x";
				CLANG_CXX_LIBRARY = "libc++";
				CLANG_ENABLE_MODULES = YES;
				CLANG_ENABLE_OBJC_ARC = YES;
				CLANG_WARN_BOOL_CONVERSION = YES;
				CLANG_WARN_CONSTANT_CONVERSION = YES;
				CLANG_WARN_DIRECT_OBJC_ISA_USAGE = YES_ERROR;
				CLANG_WARN_EMPTY_BODY = YES;
				CLANG_WARN_ENUM_CONVERSION = YES;
				CLANG_WARN_INT_CONVERSION = YES;
				CLANG_WARN_OBJC_ROOT_CLASS = YES_ERROR;
				CLANG_WARN_UNREACHABLE_CODE = YES;
				CLANG_WARN__DUPLICATE_METHOD_MATCH = YES;
				"CODE_SIGN_IDENTITY[sdk=iphoneos*]" = "iPhone Developer";
				COPY_PHASE_STRIP = NO;
				DEBUG_INFORMATION_FORMAT = dwarf;
				ENABLE_STRICT_OBJC_MSGSEND = YES;
				ENABLE_TESTABILITY = YES;
				GCC_C_LANGUAGE_STANDARD = gnu99;
				GCC_DYNAMIC_NO_PIC = NO;
				GCC_NO_COMMON_BLOCKS = YES;
				GCC_OPTIMIZATION_LEVEL = 0;
				GCC_PREPROCESSOR_DEFINITIONS = (
					"DEBUG=1",
					"$(inherited)",
				);
				GCC_WARN_64_TO_32_BIT_CONVERSION = YES;
				GCC_WARN_ABOUT_RETURN_TYPE = YES_ERROR;
				GCC_WARN_UNDECLARED_SELECTOR = YES;
				GCC_WARN_UNINITIALIZED_AUTOS = YES_AGGRESSIVE;
				GCC_WARN_UNUSED_FUNCTION = YES;
				GCC_WARN_UNUSED_VARIABLE = YES;
				IPHONEOS_DEPLOYMENT_TARGET = 9.2;
				MTL_ENABLE_DEBUG_INFO = YES;
				ONLY_ACTIVE_ARCH = YES;
				SDKROOT = iphoneos;
				SWIFT_OPTIMIZATION_LEVEL = "-Onone";
			};
			name = Debug;
		};
		504B361C1C3020E8001E9320 /* Release */ = {
			isa = XCBuildConfiguration;
			buildSettings = {
				ALWAYS_SEARCH_USER_PATHS = NO;
				CLANG_CXX_LANGUAGE_STANDARD = "gnu++0x";
				CLANG_CXX_LIBRARY = "libc++";
				CLANG_ENABLE_MODULES = YES;
				CLANG_ENABLE_OBJC_ARC = YES;
				CLANG_WARN_BOOL_CONVERSION = YES;
				CLANG_WARN_CONSTANT_CONVERSION = YES;
				CLANG_WARN_DIRECT_OBJC_ISA_USAGE = YES_ERROR;
				CLANG_WARN_EMPTY_BODY = YES;
				CLANG_WARN_ENUM_CONVERSION = YES;
				CLANG_WARN_INT_CONVERSION = YES;
				CLANG_WARN_OBJC_ROOT_CLASS = YES_ERROR;
				CLANG_WARN_UNREACHABLE_CODE = YES;
				CLANG_WARN__DUPLICATE_METHOD_MATCH = YES;
				"CODE_SIGN_IDENTITY[sdk=iphoneos*]" = "iPhone Developer";
				COPY_PHASE_STRIP = NO;
				DEBUG_INFORMATION_FORMAT = "dwarf-with-dsym";
				ENABLE_NS_ASSERTIONS = NO;
				ENABLE_STRICT_OBJC_MSGSEND = YES;
				GCC_C_LANGUAGE_STANDARD = gnu99;
				GCC_NO_COMMON_BLOCKS = YES;
				GCC_WARN_64_TO_32_BIT_CONVERSION = YES;
				GCC_WARN_ABOUT_RETURN_TYPE = YES_ERROR;
				GCC_WARN_UNDECLARED_SELECTOR = YES;
				GCC_WARN_UNINITIALIZED_AUTOS = YES_AGGRESSIVE;
				GCC_WARN_UNUSED_FUNCTION = YES;
				GCC_WARN_UNUSED_VARIABLE = YES;
				IPHONEOS_DEPLOYMENT_TARGET = 9.2;
				MTL_ENABLE_DEBUG_INFO = NO;
				SDKROOT = iphoneos;
				VALIDATE_PRODUCT = YES;
			};
			name = Release;
		};
		504B361E1C3020E8001E9320 /* Debug */ = {
			isa = XCBuildConfiguration;
			buildSettings = {
				ASSETCATALOG_COMPILER_APPICON_NAME = AppIcon;
				INFOPLIST_FILE = Found/Info.plist;
				LD_RUNPATH_SEARCH_PATHS = "$(inherited) @executable_path/Frameworks";
				PRODUCT_BUNDLE_IDENTIFIER = Abdo.xCode.dev.Found;
				PRODUCT_NAME = "$(TARGET_NAME)";
			};
			name = Debug;
		};
		504B361F1C3020E8001E9320 /* Release */ = {
			isa = XCBuildConfiguration;
			buildSettings = {
				ASSETCATALOG_COMPILER_APPICON_NAME = AppIcon;
				INFOPLIST_FILE = Found/Info.plist;
				LD_RUNPATH_SEARCH_PATHS = "$(inherited) @executable_path/Frameworks";
				PRODUCT_BUNDLE_IDENTIFIER = Abdo.xCode.dev.Found;
				PRODUCT_NAME = "$(TARGET_NAME)";
			};
			name = Release;
		};
/* End XCBuildConfiguration section */

/* Begin XCConfigurationList section */
		504B36061C3020E8001E9320 /* Build configuration list for PBXProject "Found" */ = {
			isa = XCConfigurationList;
			buildConfigurations = (
				504B361B1C3020E8001E9320 /* Debug */,
				504B361C1C3020E8001E9320 /* Release */,
			);
			defaultConfigurationIsVisible = 0;
			defaultConfigurationName = Release;
		};
		504B361D1C3020E8001E9320 /* Build configuration list for PBXNativeTarget "Found" */ = {
			isa = XCConfigurationList;
			buildConfigurations = (
				504B361E1C3020E8001E9320 /* Debug */,
				504B361F1C3020E8001E9320 /* Release */,
			);
			defaultConfigurationIsVisible = 0;
		};
/* End XCConfigurationList section */
	};
	rootObject = 504B36031C3020E8001E9320 /* Project object */;
}
