// !$*UTF8*$!
{
	archiveVersion = 1;
	classes = {
	};
	objectVersion = 46;
	objects = {

/* Begin PBXBuildFile section */
		501C27591C3198F2000A0060 /* AppDelegate.swift in Sources */ = {isa = PBXBuildFile; fileRef = 501C27581C3198F2000A0060 /* AppDelegate.swift */; };
		501C275B1C3198F2000A0060 /* ViewController.swift in Sources */ = {isa = PBXBuildFile; fileRef = 501C275A1C3198F2000A0060 /* ViewController.swift */; };
		501C275E1C3198F2000A0060 /* Main.storyboard in Resources */ = {isa = PBXBuildFile; fileRef = 501C275C1C3198F2000A0060 /* Main.storyboard */; };
		501C27601C3198F2000A0060 /* Assets.xcassets in Resources */ = {isa = PBXBuildFile; fileRef = 501C275F1C3198F2000A0060 /* Assets.xcassets */; };
		501C27631C3198F2000A0060 /* LaunchScreen.storyboard in Resources */ = {isa = PBXBuildFile; fileRef = 501C27611C3198F2000A0060 /* LaunchScreen.storyboard */; };
/* End PBXBuildFile section */

/* Begin PBXFileReference section */
		501C27551C3198F2000A0060 /* Gesturizer.app */ = {isa = PBXFileReference; explicitFileType = wrapper.application; includeInIndex = 0; path = Gesturizer.app; sourceTree = BUILT_PRODUCTS_DIR; };
		501C27581C3198F2000A0060 /* AppDelegate.swift */ = {isa = PBXFileReference; lastKnownFileType = sourcecode.swift; path = AppDelegate.swift; sourceTree = "<group>"; };
		501C275A1C3198F2000A0060 /* ViewController.swift */ = {isa = PBXFileReference; lastKnownFileType = sourcecode.swift; path = ViewController.swift; sourceTree = "<group>"; };
		501C275D1C3198F2000A0060 /* Base */ = {isa = PBXFileReference; lastKnownFileType = file.storyboard; name = Base; path = Base.lproj/Main.storyboard; sourceTree = "<group>"; };
		501C275F1C3198F2000A0060 /* Assets.xcassets */ = {isa = PBXFileReference; lastKnownFileType = folder.assetcatalog; path = Assets.xcassets; sourceTree = "<group>"; };
		501C27621C3198F2000A0060 /* Base */ = {isa = PBXFileReference; lastKnownFileType = file.storyboard; name = Base; path = Base.lproj/LaunchScreen.storyboard; sourceTree = "<group>"; };
		501C27641C3198F2000A0060 /* Info.plist */ = {isa = PBXFileReference; lastKnownFileType = text.plist.xml; path = Info.plist; sourceTree = "<group>"; };
/* End PBXFileReference section */

/* Begin PBXFrameworksBuildPhase section */
		501C27521C3198F2000A0060 /* Frameworks */ = {
			isa = PBXFrameworksBuildPhase;
			buildActionMask = 2147483647;
			files = (
			);
			runOnlyForDeploymentPostprocessing = 0;
		};
/* End PBXFrameworksBuildPhase section */

/* Begin PBXGroup section */
		501C274C1C3198F2000A0060 = {
			isa = PBXGroup;
			children = (
				501C27571C3198F2000A0060 /* Gesturizer */,
				501C27561C3198F2000A0060 /* Products */,
			);
			sourceTree = "<group>";
		};
		501C27561C3198F2000A0060 /* Products */ = {
			isa = PBXGroup;
			children = (
				501C27551C3198F2000A0060 /* Gesturizer.app */,
			);
			name = Products;
			sourceTree = "<group>";
		};
		501C27571C3198F2000A0060 /* Gesturizer */ = {
			isa = PBXGroup;
			children = (
				501C27581C3198F2000A0060 /* AppDelegate.swift */,
				501C275A1C3198F2000A0060 /* ViewController.swift */,
				501C275C1C3198F2000A0060 /* Main.storyboard */,
				501C275F1C3198F2000A0060 /* Assets.xcassets */,
				501C27611C3198F2000A0060 /* LaunchScreen.storyboard */,
				501C27641C3198F2000A0060 /* Info.plist */,
			);
			path = Gesturizer;
			sourceTree = "<group>";
		};
/* End PBXGroup section */

/* Begin PBXNativeTarget section */
		501C27541C3198F2000A0060 /* Gesturizer */ = {
			isa = PBXNativeTarget;
			buildConfigurationList = 501C27671C3198F2000A0060 /* Build configuration list for PBXNativeTarget "Gesturizer" */;
			buildPhases = (
				501C27511C3198F2000A0060 /* Sources */,
				501C27521C3198F2000A0060 /* Frameworks */,
				501C27531C3198F2000A0060 /* Resources */,
			);
			buildRules = (
			);
			dependencies = (
			);
			name = Gesturizer;
			productName = Gesturizer;
			productReference = 501C27551C3198F2000A0060 /* Gesturizer.app */;
			productType = "com.apple.product-type.application";
		};
/* End PBXNativeTarget section */

/* Begin PBXProject section */
		501C274D1C3198F2000A0060 /* Project object */ = {
			isa = PBXProject;
			attributes = {
				LastSwiftUpdateCheck = 0720;
				LastUpgradeCheck = 0720;
				ORGANIZATIONNAME = "Abdulrhman dev";
				TargetAttributes = {
					501C27541C3198F2000A0060 = {
						CreatedOnToolsVersion = 7.2;
						DevelopmentTeam = 85R85ZNGEX;
					};
				};
			};
			buildConfigurationList = 501C27501C3198F2000A0060 /* Build configuration list for PBXProject "Gesturizer" */;
			compatibilityVersion = "Xcode 3.2";
			developmentRegion = English;
			hasScannedForEncodings = 0;
			knownRegions = (
				en,
				Base,
			);
			mainGroup = 501C274C1C3198F2000A0060;
			productRefGroup = 501C27561C3198F2000A0060 /* Products */;
			projectDirPath = "";
			projectRoot = "";
			targets = (
				501C27541C3198F2000A0060 /* Gesturizer */,
			);
		};
/* End PBXProject section */

/* Begin PBXResourcesBuildPhase section */
		501C27531C3198F2000A0060 /* Resources */ = {
			isa = PBXResourcesBuildPhase;
			buildActionMask = 2147483647;
			files = (
				501C27631C3198F2000A0060 /* LaunchScreen.storyboard in Resources */,
				501C27601C3198F2000A0060 /* Assets.xcassets in Resources */,
				501C275E1C3198F2000A0060 /* Main.storyboard in Resources */,
			);
			runOnlyForDeploymentPostprocessing = 0;
		};
/* End PBXResourcesBuildPhase section */

/* Begin PBXSourcesBuildPhase section */
		501C27511C3198F2000A0060 /* Sources */ = {
			isa = PBXSourcesBuildPhase;
			buildActionMask = 2147483647;
			files = (
				501C275B1C3198F2000A0060 /* ViewController.swift in Sources */,
				501C27591C3198F2000A0060 /* AppDelegate.swift in Sources */,
			);
			runOnlyForDeploymentPostprocessing = 0;
		};
/* End PBXSourcesBuildPhase section */

/* Begin PBXVariantGroup section */
		501C275C1C3198F2000A0060 /* Main.storyboard */ = {
			isa = PBXVariantGroup;
			children = (
				501C275D1C3198F2000A0060 /* Base */,
			);
			name = Main.storyboard;
			sourceTree = "<group>";
		};
		501C27611C3198F2000A0060 /* LaunchScreen.storyboard */ = {
			isa = PBXVariantGroup;
			children = (
				501C27621C3198F2000A0060 /* Base */,
			);
			name = LaunchScreen.storyboard;
			sourceTree = "<group>";
		};
/* End PBXVariantGroup section */

/* Begin XCBuildConfiguration section */
		501C27651C3198F2000A0060 /* Debug */ = {
			isa = XCBuildConfiguration;
			buildSettings = {
				ALWAYS_SEARCH_USER_PATHS = NO;
				CLANG_CXX_LANGUAGE_STANDARD = "gnu++0x";
				CLANG_CXX_LIBRARY = "libc++";
				CLANG_ENABLE_MODULES = YES;
				CLANG_ENABLE_OBJC_ARC = YES;
				CLANG_WARN_BOOL_CONVERSION = YES;
				CLANG_WARN_CONSTANT_CONVERSION = YES;
				CLANG_WARN_DIRECT_OBJC_ISA_USAGE = YES_ERROR;
				CLANG_WARN_EMPTY_BODY = YES;
				CLANG_WARN_ENUM_CONVERSION = YES;
				CLANG_WARN_INT_CONVERSION = YES;
				CLANG_WARN_OBJC_ROOT_CLASS = YES_ERROR;
				CLANG_WARN_UNREACHABLE_CODE = YES;
				CLANG_WARN__DUPLICATE_METHOD_MATCH = YES;
				"CODE_SIGN_IDENTITY[sdk=iphoneos*]" = "iPhone Developer";
				COPY_PHASE_STRIP = NO;
				DEBUG_INFORMATION_FORMAT = dwarf;
				ENABLE_STRICT_OBJC_MSGSEND = YES;
				ENABLE_TESTABILITY = YES;
				GCC_C_LANGUAGE_STANDARD = gnu99;
				GCC_DYNAMIC_NO_PIC = NO;
				GCC_NO_COMMON_BLOCKS = YES;
				GCC_OPTIMIZATION_LEVEL = 0;
				GCC_PREPROCESSOR_DEFINITIONS = (
					"DEBUG=1",
					"$(inherited)",
				);
				GCC_WARN_64_TO_32_BIT_CONVERSION = YES;
				GCC_WARN_ABOUT_RETURN_TYPE = YES_ERROR;
				GCC_WARN_UNDECLARED_SELECTOR = YES;
				GCC_WARN_UNINITIALIZED_AUTOS = YES_AGGRESSIVE;
				GCC_WARN_UNUSED_FUNCTION = YES;
				GCC_WARN_UNUSED_VARIABLE = YES;
				IPHONEOS_DEPLOYMENT_TARGET = 9.2;
				MTL_ENABLE_DEBUG_INFO = YES;
				ONLY_ACTIVE_ARCH = YES;
				SDKROOT = iphoneos;
				SWIFT_OPTIMIZATION_LEVEL = "-Onone";
			};
			name = Debug;
		};
		501C27661C3198F2000A0060 /* Release */ = {
			isa = XCBuildConfiguration;
			buildSettings = {
				ALWAYS_SEARCH_USER_PATHS = NO;
				CLANG_CXX_LANGUAGE_STANDARD = "gnu++0x";
				CLANG_CXX_LIBRARY = "libc++";
				CLANG_ENABLE_MODULES = YES;
				CLANG_ENABLE_OBJC_ARC = YES;
				CLANG_WARN_BOOL_CONVERSION = YES;
				CLANG_WARN_CONSTANT_CONVERSION = YES;
				CLANG_WARN_DIRECT_OBJC_ISA_USAGE = YES_ERROR;
				CLANG_WARN_EMPTY_BODY = YES;
				CLANG_WARN_ENUM_CONVERSION = YES;
				CLANG_WARN_INT_CONVERSION = YES;
				CLANG_WARN_OBJC_ROOT_CLASS = YES_ERROR;
				CLANG_WARN_UNREACHABLE_CODE = YES;
				CLANG_WARN__DUPLICATE_METHOD_MATCH = YES;
				"CODE_SIGN_IDENTITY[sdk=iphoneos*]" = "iPhone Developer";
				COPY_PHASE_STRIP = NO;
				DEBUG_INFORMATION_FORMAT = "dwarf-with-dsym";
				ENABLE_NS_ASSERTIONS = NO;
				ENABLE_STRICT_OBJC_MSGSEND = YES;
				GCC_C_LANGUAGE_STANDARD = gnu99;
				GCC_NO_COMMON_BLOCKS = YES;
				GCC_WARN_64_TO_32_BIT_CONVERSION = YES;
				GCC_WARN_ABOUT_RETURN_TYPE = YES_ERROR;
				GCC_WARN_UNDECLARED_SELECTOR = YES;
				GCC_WARN_UNINITIALIZED_AUTOS = YES_AGGRESSIVE;
				GCC_WARN_UNUSED_FUNCTION = YES;
				GCC_WARN_UNUSED_VARIABLE = YES;
				IPHONEOS_DEPLOYMENT_TARGET = 9.2;
				MTL_ENABLE_DEBUG_INFO = NO;
				SDKROOT = iphoneos;
				VALIDATE_PRODUCT = YES;
			};
			name = Release;
		};
		501C27681C3198F2000A0060 /* Debug */ = {
			isa = XCBuildConfiguration;
			buildSettings = {
				ASSETCATALOG_COMPILER_APPICON_NAME = AppIcon;
				INFOPLIST_FILE = Gesturizer/Info.plist;
				LD_RUNPATH_SEARCH_PATHS = "$(inherited) @executable_path/Frameworks";
				PRODUCT_BUNDLE_IDENTIFIER = Abdo.xCode.dev.Gesturizer;
				PRODUCT_NAME = "$(TARGET_NAME)";
			};
			name = Debug;
		};
		501C27691C3198F2000A0060 /* Release */ = {
			isa = XCBuildConfiguration;
			buildSettings = {
				ASSETCATALOG_COMPILER_APPICON_NAME = AppIcon;
				INFOPLIST_FILE = Gesturizer/Info.plist;
				LD_RUNPATH_SEARCH_PATHS = "$(inherited) @executable_path/Frameworks";
				PRODUCT_BUNDLE_IDENTIFIER = Abdo.xCode.dev.Gesturizer;
				PRODUCT_NAME = "$(TARGET_NAME)";
			};
			name = Release;
		};
/* End XCBuildConfiguration section */

/* Begin XCConfigurationList section */
		501C27501C3198F2000A0060 /* Build configuration list for PBXProject "Gesturizer" */ = {
			isa = XCConfigurationList;
			buildConfigurations = (
				501C27651C3198F2000A0060 /* Debug */,
				501C27661C3198F2000A0060 /* Release */,
			);
			defaultConfigurationIsVisible = 0;
			defaultConfigurationName = Release;
		};
		501C27671C3198F2000A0060 /* Build configuration list for PBXNativeTarget "Gesturizer" */ = {
			isa = XCConfigurationList;
			buildConfigurations = (
				501C27681C3198F2000A0060 /* Debug */,
				501C27691C3198F2000A0060 /* Release */,
			);
			defaultConfigurationIsVisible = 0;
		};
/* End XCConfigurationList section */
	};
	rootObject = 501C274D1C3198F2000A0060 /* Project object */;
}
