// !$*UTF8*$!
{
	archiveVersion = 1;
	classes = {
	};
	objectVersion = 46;
	objects = {

/* Begin PBXBuildFile section */
		50CE75321BDBF872007EF4A1 /* AppDelegate.swift in Sources */ = {isa = PBXBuildFile; fileRef = 50CE75311BDBF872007EF4A1 /* AppDelegate.swift */; };
		50CE75341BDBF872007EF4A1 /* ViewController.swift in Sources */ = {isa = PBXBuildFile; fileRef = 50CE75331BDBF872007EF4A1 /* ViewController.swift */; };
		50CE75371BDBF872007EF4A1 /* Main.storyboard in Resources */ = {isa = PBXBuildFile; fileRef = 50CE75351BDBF872007EF4A1 /* Main.storyboard */; };
		50CE75391BDBF872007EF4A1 /* Assets.xcassets in Resources */ = {isa = PBXBuildFile; fileRef = 50CE75381BDBF872007EF4A1 /* Assets.xcassets */; };
		50CE753C1BDBF872007EF4A1 /* LaunchScreen.storyboard in Resources */ = {isa = PBXBuildFile; fileRef = 50CE753A1BDBF872007EF4A1 /* LaunchScreen.storyboard */; };
		50CE75471BDBF872007EF4A1 /* Flickr_FinderTests.swift in Sources */ = {isa = PBXBuildFile; fileRef = 50CE75461BDBF872007EF4A1 /* Flickr_FinderTests.swift */; };
		50CE75521BDBF872007EF4A1 /* Flickr_FinderUITests.swift in Sources */ = {isa = PBXBuildFile; fileRef = 50CE75511BDBF872007EF4A1 /* Flickr_FinderUITests.swift */; };
/* End PBXBuildFile section */

/* Begin PBXContainerItemProxy section */
		50CE75431BDBF872007EF4A1 /* PBXContainerItemProxy */ = {
			isa = PBXContainerItemProxy;
			containerPortal = 50CE75261BDBF871007EF4A1 /* Project object */;
			proxyType = 1;
			remoteGlobalIDString = 50CE752D1BDBF871007EF4A1;
			remoteInfo = "Flickr Finder";
		};
		50CE754E1BDBF872007EF4A1 /* PBXContainerItemProxy */ = {
			isa = PBXContainerItemProxy;
			containerPortal = 50CE75261BDBF871007EF4A1 /* Project object */;
			proxyType = 1;
			remoteGlobalIDString = 50CE752D1BDBF871007EF4A1;
			remoteInfo = "Flickr Finder";
		};
/* End PBXContainerItemProxy section */

/* Begin PBXFileReference section */
		50CE752E1BDBF871007EF4A1 /* Flickr Finder.app */ = {isa = PBXFileReference; explicitFileType = wrapper.application; includeInIndex = 0; path = "Flickr Finder.app"; sourceTree = BUILT_PRODUCTS_DIR; };
		50CE75311BDBF872007EF4A1 /* AppDelegate.swift */ = {isa = PBXFileReference; lastKnownFileType = sourcecode.swift; path = AppDelegate.swift; sourceTree = "<group>"; };
		50CE75331BDBF872007EF4A1 /* ViewController.swift */ = {isa = PBXFileReference; lastKnownFileType = sourcecode.swift; path = ViewController.swift; sourceTree = "<group>"; };
		50CE75361BDBF872007EF4A1 /* Base */ = {isa = PBXFileReference; lastKnownFileType = file.storyboard; name = Base; path = Base.lproj/Main.storyboard; sourceTree = "<group>"; };
		50CE75381BDBF872007EF4A1 /* Assets.xcassets */ = {isa = PBXFileReference; lastKnownFileType = folder.assetcatalog; path = Assets.xcassets; sourceTree = "<group>"; };
		50CE753B1BDBF872007EF4A1 /* Base */ = {isa = PBXFileReference; lastKnownFileType = file.storyboard; name = Base; path = Base.lproj/LaunchScreen.storyboard; sourceTree = "<group>"; };
		50CE753D1BDBF872007EF4A1 /* Info.plist */ = {isa = PBXFileReference; lastKnownFileType = text.plist.xml; path = Info.plist; sourceTree = "<group>"; };
		50CE75421BDBF872007EF4A1 /* Flickr FinderTests.xctest */ = {isa = PBXFileReference; explicitFileType = wrapper.cfbundle; includeInIndex = 0; path = "Flickr FinderTests.xctest"; sourceTree = BUILT_PRODUCTS_DIR; };
		50CE75461BDBF872007EF4A1 /* Flickr_FinderTests.swift */ = {isa = PBXFileReference; lastKnownFileType = sourcecode.swift; path = Flickr_FinderTests.swift; sourceTree = "<group>"; };
		50CE75481BDBF872007EF4A1 /* Info.plist */ = {isa = PBXFileReference; lastKnownFileType = text.plist.xml; path = Info.plist; sourceTree = "<group>"; };
		50CE754D1BDBF872007EF4A1 /* Flickr FinderUITests.xctest */ = {isa = PBXFileReference; explicitFileType = wrapper.cfbundle; includeInIndex = 0; path = "Flickr FinderUITests.xctest"; sourceTree = BUILT_PRODUCTS_DIR; };
		50CE75511BDBF872007EF4A1 /* Flickr_FinderUITests.swift */ = {isa = PBXFileReference; lastKnownFileType = sourcecode.swift; path = Flickr_FinderUITests.swift; sourceTree = "<group>"; };
		50CE75531BDBF872007EF4A1 /* Info.plist */ = {isa = PBXFileReference; lastKnownFileType = text.plist.xml; path = Info.plist; sourceTree = "<group>"; };
		50CE755F1BDD63E3007EF4A1 /* MyPlayground.playground */ = {isa = PBXFileReference; lastKnownFileType = file.playground; path = MyPlayground.playground; sourceTree = "<group>"; };
/* End PBXFileReference section */

/* Begin PBXFrameworksBuildPhase section */
		50CE752B1BDBF871007EF4A1 /* Frameworks */ = {
			isa = PBXFrameworksBuildPhase;
			buildActionMask = 2147483647;
			files = (
			);
			runOnlyForDeploymentPostprocessing = 0;
		};
		50CE753F1BDBF872007EF4A1 /* Frameworks */ = {
			isa = PBXFrameworksBuildPhase;
			buildActionMask = 2147483647;
			files = (
			);
			runOnlyForDeploymentPostprocessing = 0;
		};
		50CE754A1BDBF872007EF4A1 /* Frameworks */ = {
			isa = PBXFrameworksBuildPhase;
			buildActionMask = 2147483647;
			files = (
			);
			runOnlyForDeploymentPostprocessing = 0;
		};
/* End PBXFrameworksBuildPhase section */

/* Begin PBXGroup section */
		50CE75251BDBF871007EF4A1 = {
			isa = PBXGroup;
			children = (
				50CE75301BDBF872007EF4A1 /* Flickr Finder */,
				50CE75451BDBF872007EF4A1 /* Flickr FinderTests */,
				50CE75501BDBF872007EF4A1 /* Flickr FinderUITests */,
				50CE752F1BDBF871007EF4A1 /* Products */,
			);
			sourceTree = "<group>";
		};
		50CE752F1BDBF871007EF4A1 /* Products */ = {
			isa = PBXGroup;
			children = (
				50CE752E1BDBF871007EF4A1 /* Flickr Finder.app */,
				50CE75421BDBF872007EF4A1 /* Flickr FinderTests.xctest */,
				50CE754D1BDBF872007EF4A1 /* Flickr FinderUITests.xctest */,
			);
			name = Products;
			sourceTree = "<group>";
		};
		50CE75301BDBF872007EF4A1 /* Flickr Finder */ = {
			isa = PBXGroup;
			children = (
				50CE75311BDBF872007EF4A1 /* AppDelegate.swift */,
				50CE75331BDBF872007EF4A1 /* ViewController.swift */,
				50CE75351BDBF872007EF4A1 /* Main.storyboard */,
				50CE75381BDBF872007EF4A1 /* Assets.xcassets */,
				50CE753A1BDBF872007EF4A1 /* LaunchScreen.storyboard */,
				50CE753D1BDBF872007EF4A1 /* Info.plist */,
				50CE755F1BDD63E3007EF4A1 /* MyPlayground.playground */,
			);
			path = "Flickr Finder";
			sourceTree = "<group>";
		};
		50CE75451BDBF872007EF4A1 /* Flickr FinderTests */ = {
			isa = PBXGroup;
			children = (
				50CE75461BDBF872007EF4A1 /* Flickr_FinderTests.swift */,
				50CE75481BDBF872007EF4A1 /* Info.plist */,
			);
			path = "Flickr FinderTests";
			sourceTree = "<group>";
		};
		50CE75501BDBF872007EF4A1 /* Flickr FinderUITests */ = {
			isa = PBXGroup;
			children = (
				50CE75511BDBF872007EF4A1 /* Flickr_FinderUITests.swift */,
				50CE75531BDBF872007EF4A1 /* Info.plist */,
			);
			path = "Flickr FinderUITests";
			sourceTree = "<group>";
		};
/* End PBXGroup section */

/* Begin PBXNativeTarget section */
		50CE752D1BDBF871007EF4A1 /* Flickr Finder */ = {
			isa = PBXNativeTarget;
			buildConfigurationList = 50CE75561BDBF872007EF4A1 /* Build configuration list for PBXNativeTarget "Flickr Finder" */;
			buildPhases = (
				50CE752A1BDBF871007EF4A1 /* Sources */,
				50CE752B1BDBF871007EF4A1 /* Frameworks */,
				50CE752C1BDBF871007EF4A1 /* Resources */,
			);
			buildRules = (
			);
			dependencies = (
			);
			name = "Flickr Finder";
			productName = "Flickr Finder";
			productReference = 50CE752E1BDBF871007EF4A1 /* Flickr Finder.app */;
			productType = "com.apple.product-type.application";
		};
		50CE75411BDBF872007EF4A1 /* Flickr FinderTests */ = {
			isa = PBXNativeTarget;
			buildConfigurationList = 50CE75591BDBF872007EF4A1 /* Build configuration list for PBXNativeTarget "Flickr FinderTests" */;
			buildPhases = (
				50CE753E1BDBF872007EF4A1 /* Sources */,
				50CE753F1BDBF872007EF4A1 /* Frameworks */,
				50CE75401BDBF872007EF4A1 /* Resources */,
			);
			buildRules = (
			);
			dependencies = (
				50CE75441BDBF872007EF4A1 /* PBXTargetDependency */,
			);
			name = "Flickr FinderTests";
			productName = "Flickr FinderTests";
			productReference = 50CE75421BDBF872007EF4A1 /* Flickr FinderTests.xctest */;
			productType = "com.apple.product-type.bundle.unit-test";
		};
		50CE754C1BDBF872007EF4A1 /* Flickr FinderUITests */ = {
			isa = PBXNativeTarget;
			buildConfigurationList = 50CE755C1BDBF872007EF4A1 /* Build configuration list for PBXNativeTarget "Flickr FinderUITests" */;
			buildPhases = (
				50CE75491BDBF872007EF4A1 /* Sources */,
				50CE754A1BDBF872007EF4A1 /* Frameworks */,
				50CE754B1BDBF872007EF4A1 /* Resources */,
			);
			buildRules = (
			);
			dependencies = (
				50CE754F1BDBF872007EF4A1 /* PBXTargetDependency */,
			);
			name = "Flickr FinderUITests";
			productName = "Flickr FinderUITests";
			productReference = 50CE754D1BDBF872007EF4A1 /* Flickr FinderUITests.xctest */;
			productType = "com.apple.product-type.bundle.ui-testing";
		};
/* End PBXNativeTarget section */

/* Begin PBXProject section */
		50CE75261BDBF871007EF4A1 /* Project object */ = {
			isa = PBXProject;
			attributes = {
				LastUpgradeCheck = 0700;
				ORGANIZATIONNAME = "Abdulrhman dev";
				TargetAttributes = {
					50CE752D1BDBF871007EF4A1 = {
						CreatedOnToolsVersion = 7.0.1;
						DevelopmentTeam = 85R85ZNGEX;
					};
					50CE75411BDBF872007EF4A1 = {
						CreatedOnToolsVersion = 7.0.1;
						DevelopmentTeam = 85R85ZNGEX;
						TestTargetID = 50CE752D1BDBF871007EF4A1;
					};
					50CE754C1BDBF872007EF4A1 = {
						CreatedOnToolsVersion = 7.0.1;
						DevelopmentTeam = 85R85ZNGEX;
						TestTargetID = 50CE752D1BDBF871007EF4A1;
					};
				};
			};
			buildConfigurationList = 50CE75291BDBF871007EF4A1 /* Build configuration list for PBXProject "Flickr Finder" */;
			compatibilityVersion = "Xcode 3.2";
			developmentRegion = English;
			hasScannedForEncodings = 0;
			knownRegions = (
				en,
				Base,
			);
			mainGroup = 50CE75251BDBF871007EF4A1;
			productRefGroup = 50CE752F1BDBF871007EF4A1 /* Products */;
			projectDirPath = "";
			projectRoot = "";
			targets = (
				50CE752D1BDBF871007EF4A1 /* Flickr Finder */,
				50CE75411BDBF872007EF4A1 /* Flickr FinderTests */,
				50CE754C1BDBF872007EF4A1 /* Flickr FinderUITests */,
			);
		};
/* End PBXProject section */

/* Begin PBXResourcesBuildPhase section */
		50CE752C1BDBF871007EF4A1 /* Resources */ = {
			isa = PBXResourcesBuildPhase;
			buildActionMask = 2147483647;
			files = (
				50CE753C1BDBF872007EF4A1 /* LaunchScreen.storyboard in Resources */,
				50CE75391BDBF872007EF4A1 /* Assets.xcassets in Resources */,
				50CE75371BDBF872007EF4A1 /* Main.storyboard in Resources */,
			);
			runOnlyForDeploymentPostprocessing = 0;
		};
		50CE75401BDBF872007EF4A1 /* Resources */ = {
			isa = PBXResourcesBuildPhase;
			buildActionMask = 2147483647;
			files = (
			);
			runOnlyForDeploymentPostprocessing = 0;
		};
		50CE754B1BDBF872007EF4A1 /* Resources */ = {
			isa = PBXResourcesBuildPhase;
			buildActionMask = 2147483647;
			files = (
			);
			runOnlyForDeploymentPostprocessing = 0;
		};
/* End PBXResourcesBuildPhase section */

/* Begin PBXSourcesBuildPhase section */
		50CE752A1BDBF871007EF4A1 /* Sources */ = {
			isa = PBXSourcesBuildPhase;
			buildActionMask = 2147483647;
			files = (
				50CE75341BDBF872007EF4A1 /* ViewController.swift in Sources */,
				50CE75321BDBF872007EF4A1 /* AppDelegate.swift in Sources */,
			);
			runOnlyForDeploymentPostprocessing = 0;
		};
		50CE753E1BDBF872007EF4A1 /* Sources */ = {
			isa = PBXSourcesBuildPhase;
			buildActionMask = 2147483647;
			files = (
				50CE75471BDBF872007EF4A1 /* Flickr_FinderTests.swift in Sources */,
			);
			runOnlyForDeploymentPostprocessing = 0;
		};
		50CE75491BDBF872007EF4A1 /* Sources */ = {
			isa = PBXSourcesBuildPhase;
			buildActionMask = 2147483647;
			files = (
				50CE75521BDBF872007EF4A1 /* Flickr_FinderUITests.swift in Sources */,
			);
			runOnlyForDeploymentPostprocessing = 0;
		};
/* End PBXSourcesBuildPhase section */

/* Begin PBXTargetDependency section */
		50CE75441BDBF872007EF4A1 /* PBXTargetDependency */ = {
			isa = PBXTargetDependency;
			target = 50CE752D1BDBF871007EF4A1 /* Flickr Finder */;
			targetProxy = 50CE75431BDBF872007EF4A1 /* PBXContainerItemProxy */;
		};
		50CE754F1BDBF872007EF4A1 /* PBXTargetDependency */ = {
			isa = PBXTargetDependency;
			target = 50CE752D1BDBF871007EF4A1 /* Flickr Finder */;
			targetProxy = 50CE754E1BDBF872007EF4A1 /* PBXContainerItemProxy */;
		};
/* End PBXTargetDependency section */

/* Begin PBXVariantGroup section */
		50CE75351BDBF872007EF4A1 /* Main.storyboard */ = {
			isa = PBXVariantGroup;
			children = (
				50CE75361BDBF872007EF4A1 /* Base */,
			);
			name = Main.storyboard;
			sourceTree = "<group>";
		};
		50CE753A1BDBF872007EF4A1 /* LaunchScreen.storyboard */ = {
			isa = PBXVariantGroup;
			children = (
				50CE753B1BDBF872007EF4A1 /* Base */,
			);
			name = LaunchScreen.storyboard;
			sourceTree = "<group>";
		};
/* End PBXVariantGroup section */

/* Begin XCBuildConfiguration section */
		50CE75541BDBF872007EF4A1 /* Debug */ = {
			isa = XCBuildConfiguration;
			buildSettings = {
				ALWAYS_SEARCH_USER_PATHS = NO;
				CLANG_CXX_LANGUAGE_STANDARD = "gnu++0x";
				CLANG_CXX_LIBRARY = "libc++";
				CLANG_ENABLE_MODULES = YES;
				CLANG_ENABLE_OBJC_ARC = YES;
				CLANG_WARN_BOOL_CONVERSION = YES;
				CLANG_WARN_CONSTANT_CONVERSION = YES;
				CLANG_WARN_DIRECT_OBJC_ISA_USAGE = YES_ERROR;
				CLANG_WARN_EMPTY_BODY = YES;
				CLANG_WARN_ENUM_CONVERSION = YES;
				CLANG_WARN_INT_CONVERSION = YES;
				CLANG_WARN_OBJC_ROOT_CLASS = YES_ERROR;
				CLANG_WARN_UNREACHABLE_CODE = YES;
				CLANG_WARN__DUPLICATE_METHOD_MATCH = YES;
				"CODE_SIGN_IDENTITY[sdk=iphoneos*]" = "iPhone Developer";
				COPY_PHASE_STRIP = NO;
				DEBUG_INFORMATION_FORMAT = dwarf;
				ENABLE_STRICT_OBJC_MSGSEND = YES;
				ENABLE_TESTABILITY = YES;
				GCC_C_LANGUAGE_STANDARD = gnu99;
				GCC_DYNAMIC_NO_PIC = NO;
				GCC_NO_COMMON_BLOCKS = YES;
				GCC_OPTIMIZATION_LEVEL = 0;
				GCC_PREPROCESSOR_DEFINITIONS = (
					"DEBUG=1",
					"$(inherited)",
				);
				GCC_WARN_64_TO_32_BIT_CONVERSION = YES;
				GCC_WARN_ABOUT_RETURN_TYPE = YES_ERROR;
				GCC_WARN_UNDECLARED_SELECTOR = YES;
				GCC_WARN_UNINITIALIZED_AUTOS = YES_AGGRESSIVE;
				GCC_WARN_UNUSED_FUNCTION = YES;
				GCC_WARN_UNUSED_VARIABLE = YES;
				IPHONEOS_DEPLOYMENT_TARGET = 9.0;
				MTL_ENABLE_DEBUG_INFO = YES;
				ONLY_ACTIVE_ARCH = YES;
				SDKROOT = iphoneos;
				SWIFT_OPTIMIZATION_LEVEL = "-Onone";
			};
			name = Debug;
		};
		50CE75551BDBF872007EF4A1 /* Release */ = {
			isa = XCBuildConfiguration;
			buildSettings = {
				ALWAYS_SEARCH_USER_PATHS = NO;
				CLANG_CXX_LANGUAGE_STANDARD = "gnu++0x";
				CLANG_CXX_LIBRARY = "libc++";
				CLANG_ENABLE_MODULES = YES;
				CLANG_ENABLE_OBJC_ARC = YES;
				CLANG_WARN_BOOL_CONVERSION = YES;
				CLANG_WARN_CONSTANT_CONVERSION = YES;
				CLANG_WARN_DIRECT_OBJC_ISA_USAGE = YES_ERROR;
				CLANG_WARN_EMPTY_BODY = YES;
				CLANG_WARN_ENUM_CONVERSION = YES;
				CLANG_WARN_INT_CONVERSION = YES;
				CLANG_WARN_OBJC_ROOT_CLASS = YES_ERROR;
				CLANG_WARN_UNREACHABLE_CODE = YES;
				CLANG_WARN__DUPLICATE_METHOD_MATCH = YES;
				"CODE_SIGN_IDENTITY[sdk=iphoneos*]" = "iPhone Developer";
				COPY_PHASE_STRIP = NO;
				DEBUG_INFORMATION_FORMAT = "dwarf-with-dsym";
				ENABLE_NS_ASSERTIONS = NO;
				ENABLE_STRICT_OBJC_MSGSEND = YES;
				GCC_C_LANGUAGE_STANDARD = gnu99;
				GCC_NO_COMMON_BLOCKS = YES;
				GCC_WARN_64_TO_32_BIT_CONVERSION = YES;
				GCC_WARN_ABOUT_RETURN_TYPE = YES_ERROR;
				GCC_WARN_UNDECLARED_SELECTOR = YES;
				GCC_WARN_UNINITIALIZED_AUTOS = YES_AGGRESSIVE;
				GCC_WARN_UNUSED_FUNCTION = YES;
				GCC_WARN_UNUSED_VARIABLE = YES;
				IPHONEOS_DEPLOYMENT_TARGET = 9.0;
				MTL_ENABLE_DEBUG_INFO = NO;
				SDKROOT = iphoneos;
				VALIDATE_PRODUCT = YES;
			};
			name = Release;
		};
		50CE75571BDBF872007EF4A1 /* Debug */ = {
			isa = XCBuildConfiguration;
			buildSettings = {
				ASSETCATALOG_COMPILER_APPICON_NAME = AppIcon;
				INFOPLIST_FILE = "Flickr Finder/Info.plist";
				LD_RUNPATH_SEARCH_PATHS = "$(inherited) @executable_path/Frameworks";
				PRODUCT_BUNDLE_IDENTIFIER = "Abdo.xCode.dev.Flickr-Finder";
				PRODUCT_NAME = "$(TARGET_NAME)";
			};
			name = Debug;
		};
		50CE75581BDBF872007EF4A1 /* Release */ = {
			isa = XCBuildConfiguration;
			buildSettings = {
				ASSETCATALOG_COMPILER_APPICON_NAME = AppIcon;
				INFOPLIST_FILE = "Flickr Finder/Info.plist";
				LD_RUNPATH_SEARCH_PATHS = "$(inherited) @executable_path/Frameworks";
				PRODUCT_BUNDLE_IDENTIFIER = "Abdo.xCode.dev.Flickr-Finder";
				PRODUCT_NAME = "$(TARGET_NAME)";
			};
			name = Release;
		};
		50CE755A1BDBF872007EF4A1 /* Debug */ = {
			isa = XCBuildConfiguration;
			buildSettings = {
				BUNDLE_LOADER = "$(TEST_HOST)";
				INFOPLIST_FILE = "Flickr FinderTests/Info.plist";
				LD_RUNPATH_SEARCH_PATHS = "$(inherited) @executable_path/Frameworks @loader_path/Frameworks";
				PRODUCT_BUNDLE_IDENTIFIER = "Abdo.xCode.dev.Flickr-FinderTests";
				PRODUCT_NAME = "$(TARGET_NAME)";
				TEST_HOST = "$(BUILT_PRODUCTS_DIR)/Flickr Finder.app/Flickr Finder";
			};
			name = Debug;
		};
		50CE755B1BDBF872007EF4A1 /* Release */ = {
			isa = XCBuildConfiguration;
			buildSettings = {
				BUNDLE_LOADER = "$(TEST_HOST)";
				INFOPLIST_FILE = "Flickr FinderTests/Info.plist";
				LD_RUNPATH_SEARCH_PATHS = "$(inherited) @executable_path/Frameworks @loader_path/Frameworks";
				PRODUCT_BUNDLE_IDENTIFIER = "Abdo.xCode.dev.Flickr-FinderTests";
				PRODUCT_NAME = "$(TARGET_NAME)";
				TEST_HOST = "$(BUILT_PRODUCTS_DIR)/Flickr Finder.app/Flickr Finder";
			};
			name = Release;
		};
		50CE755D1BDBF872007EF4A1 /* Debug */ = {
			isa = XCBuildConfiguration;
			buildSettings = {
				INFOPLIST_FILE = "Flickr FinderUITests/Info.plist";
				LD_RUNPATH_SEARCH_PATHS = "$(inherited) @executable_path/Frameworks @loader_path/Frameworks";
				PRODUCT_BUNDLE_IDENTIFIER = "Abdo.xCode.dev.Flickr-FinderUITests";
				PRODUCT_NAME = "$(TARGET_NAME)";
				TEST_TARGET_NAME = "Flickr Finder";
				USES_XCTRUNNER = YES;
			};
			name = Debug;
		};
		50CE755E1BDBF872007EF4A1 /* Release */ = {
			isa = XCBuildConfiguration;
			buildSettings = {
				INFOPLIST_FILE = "Flickr FinderUITests/Info.plist";
				LD_RUNPATH_SEARCH_PATHS = "$(inherited) @executable_path/Frameworks @loader_path/Frameworks";
				PRODUCT_BUNDLE_IDENTIFIER = "Abdo.xCode.dev.Flickr-FinderUITests";
				PRODUCT_NAME = "$(TARGET_NAME)";
				TEST_TARGET_NAME = "Flickr Finder";
				USES_XCTRUNNER = YES;
			};
			name = Release;
		};
/* End XCBuildConfiguration section */

/* Begin XCConfigurationList section */
		50CE75291BDBF871007EF4A1 /* Build configuration list for PBXProject "Flickr Finder" */ = {
			isa = XCConfigurationList;
			buildConfigurations = (
				50CE75541BDBF872007EF4A1 /* Debug */,
				50CE75551BDBF872007EF4A1 /* Release */,
			);
			defaultConfigurationIsVisible = 0;
			defaultConfigurationName = Release;
		};
		50CE75561BDBF872007EF4A1 /* Build configuration list for PBXNativeTarget "Flickr Finder" */ = {
			isa = XCConfigurationList;
			buildConfigurations = (
				50CE75571BDBF872007EF4A1 /* Debug */,
				50CE75581BDBF872007EF4A1 /* Release */,
			);
			defaultConfigurationIsVisible = 0;
		};
		50CE75591BDBF872007EF4A1 /* Build configuration list for PBXNativeTarget "Flickr FinderTests" */ = {
			isa = XCConfigurationList;
			buildConfigurations = (
				50CE755A1BDBF872007EF4A1 /* Debug */,
				50CE755B1BDBF872007EF4A1 /* Release */,
			);
			defaultConfigurationIsVisible = 0;
		};
		50CE755C1BDBF872007EF4A1 /* Build configuration list for PBXNativeTarget "Flickr FinderUITests" */ = {
			isa = XCConfigurationList;
			buildConfigurations = (
				50CE755D1BDBF872007EF4A1 /* Debug */,
				50CE755E1BDBF872007EF4A1 /* Release */,
			);
			defaultConfigurationIsVisible = 0;
		};
/* End XCConfigurationList section */
	};
	rootObject = 50CE75261BDBF871007EF4A1 /* Project object */;
}
